// !$*UTF8*$!
{
	archiveVersion = 1;
	classes = {
	};
	objectVersion = 46;
	objects = {

/* Begin PBXBuildFile section */
		B102FF6B155BB303008DC42D /* CFNetwork.framework in Frameworks */ = {isa = PBXBuildFile; fileRef = B102FF6A155BB303008DC42D /* CFNetwork.framework */; };
		B102FF6D155BB30D008DC42D /* SystemConfiguration.framework in Frameworks */ = {isa = PBXBuildFile; fileRef = B102FF6C155BB30C008DC42D /* SystemConfiguration.framework */; };
		B102FF6F155BB314008DC42D /* MobileCoreServices.framework in Frameworks */ = {isa = PBXBuildFile; fileRef = B102FF6E155BB314008DC42D /* MobileCoreServices.framework */; };
		B102FF71155BB327008DC42D /* libz.dylib in Frameworks */ = {isa = PBXBuildFile; fileRef = B102FF70155BB327008DC42D /* libz.dylib */; };
		B102FF73155BB33A008DC42D /* libxml2.dylib in Frameworks */ = {isa = PBXBuildFile; fileRef = B102FF72155BB33A008DC42D /* libxml2.dylib */; };
		B10DA9671563A3D000058685 /* noMoreTemplateButton.png in Resources */ = {isa = PBXBuildFile; fileRef = B10DA9661563A3D000058685 /* noMoreTemplateButton.png */; };
		B1106F5A156119080035CFAA /* ILPostcardList.m in Sources */ = {isa = PBXBuildFile; fileRef = B1106F59156119080035CFAA /* ILPostcardList.m */; };
		B111B82F156631010041127F /* TouchView.m in Sources */ = {isa = PBXBuildFile; fileRef = B111B82E156631010041127F /* TouchView.m */; };
		B12E8514156CBEB400B0737B /* ActivityListView.m in Sources */ = {isa = PBXBuildFile; fileRef = B12E8512156CBEB400B0737B /* ActivityListView.m */; };
		B12E8515156CBEB400B0737B /* ActivityListView.xib in Resources */ = {isa = PBXBuildFile; fileRef = B12E8513156CBEB400B0737B /* ActivityListView.xib */; };
		B12E8518156CC28100B0737B /* activityList_1.png in Resources */ = {isa = PBXBuildFile; fileRef = B12E8517156CC28100B0737B /* activityList_1.png */; };
		B12E851C156CC46B00B0737B /* ILActivityList.m in Sources */ = {isa = PBXBuildFile; fileRef = B12E851B156CC46B00B0737B /* ILActivityList.m */; };
		B1330B58156E0AD80013CC62 /* VoiceMessageView.m in Sources */ = {isa = PBXBuildFile; fileRef = B1330B56156E0AD80013CC62 /* VoiceMessageView.m */; };
		B1330B59156E0AD80013CC62 /* VoiceMessageView.xib in Resources */ = {isa = PBXBuildFile; fileRef = B1330B57156E0AD80013CC62 /* VoiceMessageView.xib */; };
		B1348FD0156E1ED90099B9D2 /* CoreVideo.framework in Frameworks */ = {isa = PBXBuildFile; fileRef = B1348FCF156E1ED90099B9D2 /* CoreVideo.framework */; settings = {ATTRIBUTES = (Required, ); }; };
		B1348FD2156E1EF10099B9D2 /* AVFoundation.framework in Frameworks */ = {isa = PBXBuildFile; fileRef = B1348FD1156E1EF10099B9D2 /* AVFoundation.framework */; settings = {ATTRIBUTES = (Required, ); }; };
		B1348FD4156E1F120099B9D2 /* libiconv.dylib in Frameworks */ = {isa = PBXBuildFile; fileRef = B1348FD3156E1F120099B9D2 /* libiconv.dylib */; };
		B1348FD7156E1F4D0099B9D2 /* CoreMedia.framework in Frameworks */ = {isa = PBXBuildFile; fileRef = B1348FD6156E1F4D0099B9D2 /* CoreMedia.framework */; settings = {ATTRIBUTES = (Required, ); }; };
		B1348FDB156E1FF90099B9D2 /* QuartzCore.framework in Frameworks */ = {isa = PBXBuildFile; fileRef = B1348FDA156E1FF90099B9D2 /* QuartzCore.framework */; };
		B1348FE0156E29C30099B9D2 /* PlayVoiceView.m in Sources */ = {isa = PBXBuildFile; fileRef = B1348FDE156E29C30099B9D2 /* PlayVoiceView.m */; };
		B1348FE1156E29C30099B9D2 /* PlayVoiceView.xib in Resources */ = {isa = PBXBuildFile; fileRef = B1348FDF156E29C30099B9D2 /* PlayVoiceView.xib */; };
		B1348FE3156E2F770099B9D2 /* libzbar.a in Frameworks */ = {isa = PBXBuildFile; fileRef = B1348FE2156E2F770099B9D2 /* libzbar.a */; };
		B1361721156F716200746F90 /* ShareAndBuyView.m in Sources */ = {isa = PBXBuildFile; fileRef = B136171F156F716200746F90 /* ShareAndBuyView.m */; };
		B1361722156F716200746F90 /* ShareAndBuyView.xib in Resources */ = {isa = PBXBuildFile; fileRef = B1361720156F716200746F90 /* ShareAndBuyView.xib */; };
		B1361728156F752300746F90 /* shareAndBuyView1.png in Resources */ = {isa = PBXBuildFile; fileRef = B1361724156F752300746F90 /* shareAndBuyView1.png */; };
		B1361729156F752300746F90 /* shareAndBuyView2.png in Resources */ = {isa = PBXBuildFile; fileRef = B1361725156F752300746F90 /* shareAndBuyView2.png */; };
		B136172A156F752300746F90 /* shareAndBuyView3.png in Resources */ = {isa = PBXBuildFile; fileRef = B1361726156F752300746F90 /* shareAndBuyView3.png */; };
		B136172B156F752300746F90 /* shareAndBuyView4.png in Resources */ = {isa = PBXBuildFile; fileRef = B1361727156F752300746F90 /* shareAndBuyView4.png */; };
		B13B3B5915737092009EEB5A /* hotbk.png in Resources */ = {isa = PBXBuildFile; fileRef = B13B3B5115737092009EEB5A /* hotbk.png */; };
		B13B3B5A15737092009EEB5A /* inbk.PNG in Resources */ = {isa = PBXBuildFile; fileRef = B13B3B5215737092009EEB5A /* inbk.PNG */; };
		B13B3B5B15737092009EEB5A /* searchbar.png in Resources */ = {isa = PBXBuildFile; fileRef = B13B3B5315737092009EEB5A /* searchbar.png */; };
		B13B3B5C15737092009EEB5A /* tag.png in Resources */ = {isa = PBXBuildFile; fileRef = B13B3B5415737092009EEB5A /* tag.png */; };
		B13B3B5D15737092009EEB5A /* tagclick.png in Resources */ = {isa = PBXBuildFile; fileRef = B13B3B5515737092009EEB5A /* tagclick.png */; };
		B13B3B5E15737092009EEB5A /* titlebk.png in Resources */ = {isa = PBXBuildFile; fileRef = B13B3B5615737092009EEB5A /* titlebk.png */; };
		B13B3B5F15737092009EEB5A /* titlebtnback.png in Resources */ = {isa = PBXBuildFile; fileRef = B13B3B5715737092009EEB5A /* titlebtnback.png */; };
		B13B3B6015737092009EEB5A /* titlebtnbackclick.png in Resources */ = {isa = PBXBuildFile; fileRef = B13B3B5815737092009EEB5A /* titlebtnbackclick.png */; };
		B13E99751571BEA400D03344 /* PaymentView.m in Sources */ = {isa = PBXBuildFile; fileRef = B13E99731571BEA400D03344 /* PaymentView.m */; };
		B13E99761571BEA400D03344 /* PaymentView.xib in Resources */ = {isa = PBXBuildFile; fileRef = B13E99741571BEA400D03344 /* PaymentView.xib */; };
		B13E99791571C11800D03344 /* paymentView1.png in Resources */ = {isa = PBXBuildFile; fileRef = B13E99781571C11800D03344 /* paymentView1.png */; };
		B13E997C1571C94900D03344 /* paymentView2.png in Resources */ = {isa = PBXBuildFile; fileRef = B13E997A1571C94900D03344 /* paymentView2.png */; };
		B13E997D1571C94900D03344 /* paymentView3.png in Resources */ = {isa = PBXBuildFile; fileRef = B13E997B1571C94900D03344 /* paymentView3.png */; };
		B13E997F1571CC5100D03344 /* paymentView4.png in Resources */ = {isa = PBXBuildFile; fileRef = B13E997E1571CC5100D03344 /* paymentView4.png */; };
		B13E99811571D7D900D03344 /* postBack7.png in Resources */ = {isa = PBXBuildFile; fileRef = B13E99801571D7D900D03344 /* postBack7.png */; };
		B13E998F157206DB00D03344 /* NSString+MD5Addition.m in Sources */ = {isa = PBXBuildFile; fileRef = B13E998C157206DB00D03344 /* NSString+MD5Addition.m */; };
		B13E9990157206DB00D03344 /* UIDevice+IdentifierAddition.m in Sources */ = {isa = PBXBuildFile; fileRef = B13E998E157206DB00D03344 /* UIDevice+IdentifierAddition.m */; };
		B13E99A315721EBF00D03344 /* bannerbk.png in Resources */ = {isa = PBXBuildFile; fileRef = B13E999515721EBE00D03344 /* bannerbk.png */; };
		B13E99A415721EBF00D03344 /* bannerlight.png in Resources */ = {isa = PBXBuildFile; fileRef = B13E999615721EBE00D03344 /* bannerlight.png */; };
		B13E99A515721EBF00D03344 /* bk.png in Resources */ = {isa = PBXBuildFile; fileRef = B13E999715721EBE00D03344 /* bk.png */; };
		B13E99A615721EBF00D03344 /* listen.png in Resources */ = {isa = PBXBuildFile; fileRef = B13E999815721EBE00D03344 /* listen.png */; };
		B13E99A715721EBF00D03344 /* listenpress.png in Resources */ = {isa = PBXBuildFile; fileRef = B13E999915721EBE00D03344 /* listenpress.png */; };
		B13E99A815721EBF00D03344 /* make.png in Resources */ = {isa = PBXBuildFile; fileRef = B13E999A15721EBE00D03344 /* make.png */; };
		B13E99A915721EBF00D03344 /* makepress.png in Resources */ = {isa = PBXBuildFile; fileRef = B13E999B15721EBE00D03344 /* makepress.png */; };
		B13E99AA15721EBF00D03344 /* more.png in Resources */ = {isa = PBXBuildFile; fileRef = B13E999C15721EBE00D03344 /* more.png */; };
		B13E99AB15721EBF00D03344 /* morepress.png in Resources */ = {isa = PBXBuildFile; fileRef = B13E999D15721EBE00D03344 /* morepress.png */; };
		B13E99AC15721EBF00D03344 /* planeshow.png in Resources */ = {isa = PBXBuildFile; fileRef = B13E999E15721EBE00D03344 /* planeshow.png */; };
		B13E99AD15721EBF00D03344 /* postoffice.png in Resources */ = {isa = PBXBuildFile; fileRef = B13E999F15721EBE00D03344 /* postoffice.png */; };
		B13E99AE15721EBF00D03344 /* postofficepress.png in Resources */ = {isa = PBXBuildFile; fileRef = B13E99A015721EBE00D03344 /* postofficepress.png */; };
		B13E99AF15721EBF00D03344 /* sendbk.png in Resources */ = {isa = PBXBuildFile; fileRef = B13E99A115721EBE00D03344 /* sendbk.png */; };
		B13E99B015721EBF00D03344 /* sendlight.png in Resources */ = {isa = PBXBuildFile; fileRef = B13E99A215721EBE00D03344 /* sendlight.png */; };
		B141042D1565EB49004DF34C /* changcamera.png in Resources */ = {isa = PBXBuildFile; fileRef = B14104291565EB49004DF34C /* changcamera.png */; };
		B141042E1565EB49004DF34C /* flashauto.png in Resources */ = {isa = PBXBuildFile; fileRef = B141042A1565EB49004DF34C /* flashauto.png */; };
		B141042F1565EB49004DF34C /* flashoff.png in Resources */ = {isa = PBXBuildFile; fileRef = B141042B1565EB49004DF34C /* flashoff.png */; };
		B14104301565EB49004DF34C /* flashon.png in Resources */ = {isa = PBXBuildFile; fileRef = B141042C1565EB49004DF34C /* flashon.png */; };
		B15E86EA1564F06F00108271 /* TemplateDetails-Singleton.m in Sources */ = {isa = PBXBuildFile; fileRef = B15E86E91564F06F00108271 /* TemplateDetails-Singleton.m */; };
		B15EDD9B155A577A00B0C873 /* UIKit.framework in Frameworks */ = {isa = PBXBuildFile; fileRef = B15EDD9A155A577A00B0C873 /* UIKit.framework */; };
		B15EDD9D155A577A00B0C873 /* Foundation.framework in Frameworks */ = {isa = PBXBuildFile; fileRef = B15EDD9C155A577A00B0C873 /* Foundation.framework */; };
		B15EDD9F155A577A00B0C873 /* CoreGraphics.framework in Frameworks */ = {isa = PBXBuildFile; fileRef = B15EDD9E155A577A00B0C873 /* CoreGraphics.framework */; };
		B1846B941568D4BA00635271 /* ScaleAndRotateView.m in Sources */ = {isa = PBXBuildFile; fileRef = B1846B931568D4BA00635271 /* ScaleAndRotateView.m */; };
		B19D65BD1560A0840028A9F4 /* DisplayEachTemplateDetals.m in Sources */ = {isa = PBXBuildFile; fileRef = B19D65BB1560A0840028A9F4 /* DisplayEachTemplateDetals.m */; };
		B19D65BE1560A0840028A9F4 /* DisplayEachTemplateDetals.xib in Resources */ = {isa = PBXBuildFile; fileRef = B19D65BC1560A0840028A9F4 /* DisplayEachTemplateDetals.xib */; };
		B19D65C21560A0910028A9F4 /* DisplayEachTemplateDetals-Back.m in Sources */ = {isa = PBXBuildFile; fileRef = B19D65C01560A0910028A9F4 /* DisplayEachTemplateDetals-Back.m */; };
		B19D65C31560A0910028A9F4 /* DisplayEachTemplateDetals-Back.xib in Resources */ = {isa = PBXBuildFile; fileRef = B19D65C11560A0910028A9F4 /* DisplayEachTemplateDetals-Back.xib */; };
		B19D65DD1560A0C70028A9F4 /* addMoreTemplateButton.png in Resources */ = {isa = PBXBuildFile; fileRef = B19D65D81560A0C70028A9F4 /* addMoreTemplateButton.png */; };
		B19D65DE1560A0C70028A9F4 /* change_it.png in Resources */ = {isa = PBXBuildFile; fileRef = B19D65D91560A0C70028A9F4 /* change_it.png */; };
		B19D65DF1560A0C70028A9F4 /* NavBar_01_s.png in Resources */ = {isa = PBXBuildFile; fileRef = B19D65DA1560A0C70028A9F4 /* NavBar_01_s.png */; };
		B19D65E01560A0C70028A9F4 /* NavBar_01.png in Resources */ = {isa = PBXBuildFile; fileRef = B19D65DB1560A0C70028A9F4 /* NavBar_01.png */; };
		B19D65E11560A0C70028A9F4 /* tools_bar_bg.png in Resources */ = {isa = PBXBuildFile; fileRef = B19D65DC1560A0C70028A9F4 /* tools_bar_bg.png */; };
		B19D65EC1560A1430028A9F4 /* FirstViewController.xib in Resources */ = {isa = PBXBuildFile; fileRef = B19D65E31560A1430028A9F4 /* FirstViewController.xib */; };
		B19D65ED1560A1430028A9F4 /* InfoPlist.strings in Resources */ = {isa = PBXBuildFile; fileRef = B19D65E51560A1430028A9F4 /* InfoPlist.strings */; };
		B19D65EE1560A1430028A9F4 /* SecondViewController.xib in Resources */ = {isa = PBXBuildFile; fileRef = B19D65E71560A1430028A9F4 /* SecondViewController.xib */; };
		B19D65F01560A1430028A9F4 /* main.m in Sources */ = {isa = PBXBuildFile; fileRef = B19D65EB1560A1430028A9F4 /* main.m */; };
		B19D65F31560A16B0028A9F4 /* AppDelegate.m in Sources */ = {isa = PBXBuildFile; fileRef = B19D65F21560A16B0028A9F4 /* AppDelegate.m */; };
		B19D66251560A1940028A9F4 /* ASIAuthenticationDialog.m in Sources */ = {isa = PBXBuildFile; fileRef = B19D65F61560A1940028A9F4 /* ASIAuthenticationDialog.m */; };
		B19D66261560A1940028A9F4 /* ASIDataCompressor.m in Sources */ = {isa = PBXBuildFile; fileRef = B19D65F91560A1940028A9F4 /* ASIDataCompressor.m */; };
		B19D66271560A1940028A9F4 /* ASIDataDecompressor.m in Sources */ = {isa = PBXBuildFile; fileRef = B19D65FB1560A1940028A9F4 /* ASIDataDecompressor.m */; };
		B19D66281560A1940028A9F4 /* ASIDownloadCache.m in Sources */ = {isa = PBXBuildFile; fileRef = B19D65FD1560A1940028A9F4 /* ASIDownloadCache.m */; };
		B19D66291560A1940028A9F4 /* ASIFormDataRequest.m in Sources */ = {isa = PBXBuildFile; fileRef = B19D65FF1560A1940028A9F4 /* ASIFormDataRequest.m */; };
		B19D662A1560A1940028A9F4 /* ASIHTTPRequest.m in Sources */ = {isa = PBXBuildFile; fileRef = B19D66011560A1940028A9F4 /* ASIHTTPRequest.m */; };
		B19D662B1560A1940028A9F4 /* ASIInputStream.m in Sources */ = {isa = PBXBuildFile; fileRef = B19D66051560A1940028A9F4 /* ASIInputStream.m */; };
		B19D662C1560A1940028A9F4 /* ASINetworkQueue.m in Sources */ = {isa = PBXBuildFile; fileRef = B19D66071560A1940028A9F4 /* ASINetworkQueue.m */; };
		B19D662D1560A1940028A9F4 /* Reachability.m in Sources */ = {isa = PBXBuildFile; fileRef = B19D660A1560A1940028A9F4 /* Reachability.m */; };
		B19D662E1560A1940028A9F4 /* NSObject+SBJson.m in Sources */ = {isa = PBXBuildFile; fileRef = B19D660D1560A1940028A9F4 /* NSObject+SBJson.m */; };
		B19D662F1560A1940028A9F4 /* SBJsonParser.m in Sources */ = {isa = PBXBuildFile; fileRef = B19D66101560A1940028A9F4 /* SBJsonParser.m */; };
		B19D66301560A1940028A9F4 /* SBJsonStreamParser.m in Sources */ = {isa = PBXBuildFile; fileRef = B19D66121560A1940028A9F4 /* SBJsonStreamParser.m */; };
		B19D66311560A1940028A9F4 /* SBJsonStreamParserAccumulator.m in Sources */ = {isa = PBXBuildFile; fileRef = B19D66141560A1940028A9F4 /* SBJsonStreamParserAccumulator.m */; };
		B19D66321560A1940028A9F4 /* SBJsonStreamParserAdapter.m in Sources */ = {isa = PBXBuildFile; fileRef = B19D66161560A1940028A9F4 /* SBJsonStreamParserAdapter.m */; };
		B19D66331560A1940028A9F4 /* SBJsonStreamParserState.m in Sources */ = {isa = PBXBuildFile; fileRef = B19D66181560A1940028A9F4 /* SBJsonStreamParserState.m */; };
		B19D66341560A1940028A9F4 /* SBJsonStreamWriter.m in Sources */ = {isa = PBXBuildFile; fileRef = B19D661A1560A1940028A9F4 /* SBJsonStreamWriter.m */; };
		B19D66351560A1940028A9F4 /* SBJsonStreamWriterAccumulator.m in Sources */ = {isa = PBXBuildFile; fileRef = B19D661C1560A1940028A9F4 /* SBJsonStreamWriterAccumulator.m */; };
		B19D66361560A1940028A9F4 /* SBJsonStreamWriterState.m in Sources */ = {isa = PBXBuildFile; fileRef = B19D661E1560A1940028A9F4 /* SBJsonStreamWriterState.m */; };
		B19D66371560A1940028A9F4 /* SBJsonTokeniser.m in Sources */ = {isa = PBXBuildFile; fileRef = B19D66201560A1940028A9F4 /* SBJsonTokeniser.m */; };
		B19D66381560A1940028A9F4 /* SBJsonUTF8Stream.m in Sources */ = {isa = PBXBuildFile; fileRef = B19D66221560A1940028A9F4 /* SBJsonUTF8Stream.m */; };
		B19D66391560A1940028A9F4 /* SBJsonWriter.m in Sources */ = {isa = PBXBuildFile; fileRef = B19D66241560A1940028A9F4 /* SBJsonWriter.m */; };
		B19D66501560A6D10028A9F4 /* GoToPostcardList.m in Sources */ = {isa = PBXBuildFile; fileRef = B19D664E1560A6D10028A9F4 /* GoToPostcardList.m */; };
		B19D66511560A6D10028A9F4 /* GoToPostcardList.xib in Resources */ = {isa = PBXBuildFile; fileRef = B19D664F1560A6D10028A9F4 /* GoToPostcardList.xib */; };
		B19D665B1560ED110028A9F4 /* LoadingIndicator.m in Sources */ = {isa = PBXBuildFile; fileRef = B19D66581560ED110028A9F4 /* LoadingIndicator.m */; };
		B19D665C1560ED110028A9F4 /* PromptView.m in Sources */ = {isa = PBXBuildFile; fileRef = B19D665A1560ED110028A9F4 /* PromptView.m */; };
		B1D1D35F1569D9BC0015A054 /* default.PNG in Resources */ = {isa = PBXBuildFile; fileRef = B1D1D35E1569D9BC0015A054 /* default.PNG */; };
		B1D1D3B01569E6B80015A054 /* ViewController.m in Sources */ = {isa = PBXBuildFile; fileRef = B1D1D3AE1569E6B80015A054 /* ViewController.m */; };
		B1D1D3B11569E6B80015A054 /* ViewController.xib in Resources */ = {isa = PBXBuildFile; fileRef = B1D1D3AF1569E6B80015A054 /* ViewController.xib */; };
		B1D1D3C9156A3EB10015A054 /* postFront1.png in Resources */ = {isa = PBXBuildFile; fileRef = B1D1D3C7156A3EB10015A054 /* postFront1.png */; };
		B1D1D3CA156A3EB10015A054 /* postFront2.png in Resources */ = {isa = PBXBuildFile; fileRef = B1D1D3C8156A3EB10015A054 /* postFront2.png */; };
		B1D1D3D1156A52060015A054 /* postBack1.png in Resources */ = {isa = PBXBuildFile; fileRef = B1D1D3CC156A52060015A054 /* postBack1.png */; };
		B1D1D3D2156A52060015A054 /* postBack3.png in Resources */ = {isa = PBXBuildFile; fileRef = B1D1D3CD156A52060015A054 /* postBack3.png */; };
		B1D1D3D3156A52060015A054 /* postBack4.png in Resources */ = {isa = PBXBuildFile; fileRef = B1D1D3CE156A52060015A054 /* postBack4.png */; };
		B1D1D3D4156A52060015A054 /* postBack5.png in Resources */ = {isa = PBXBuildFile; fileRef = B1D1D3CF156A52060015A054 /* postBack5.png */; };
		B1D1D3D5156A52060015A054 /* postBack6.png in Resources */ = {isa = PBXBuildFile; fileRef = B1D1D3D0156A52060015A054 /* postBack6.png */; };
		B1FF8133156C845600DA895E /* MapController.m in Sources */ = {isa = PBXBuildFile; fileRef = B1FF8132156C845600DA895E /* MapController.m */; };
		B1FF8136156C88B200DA895E /* MapKit.framework in Frameworks */ = {isa = PBXBuildFile; fileRef = B1FF8134156C88A000DA895E /* MapKit.framework */; };
/* End PBXBuildFile section */

/* Begin PBXFileReference section */
		B102FF6A155BB303008DC42D /* CFNetwork.framework */ = {isa = PBXFileReference; lastKnownFileType = wrapper.framework; name = CFNetwork.framework; path = System/Library/Frameworks/CFNetwork.framework; sourceTree = SDKROOT; };
		B102FF6C155BB30C008DC42D /* SystemConfiguration.framework */ = {isa = PBXFileReference; lastKnownFileType = wrapper.framework; name = SystemConfiguration.framework; path = System/Library/Frameworks/SystemConfiguration.framework; sourceTree = SDKROOT; };
		B102FF6E155BB314008DC42D /* MobileCoreServices.framework */ = {isa = PBXFileReference; lastKnownFileType = wrapper.framework; name = MobileCoreServices.framework; path = System/Library/Frameworks/MobileCoreServices.framework; sourceTree = SDKROOT; };
		B102FF70155BB327008DC42D /* libz.dylib */ = {isa = PBXFileReference; lastKnownFileType = "compiled.mach-o.dylib"; name = libz.dylib; path = usr/lib/libz.dylib; sourceTree = SDKROOT; };
		B102FF72155BB33A008DC42D /* libxml2.dylib */ = {isa = PBXFileReference; lastKnownFileType = "compiled.mach-o.dylib"; name = libxml2.dylib; path = usr/lib/libxml2.dylib; sourceTree = SDKROOT; };
		B10DA9661563A3D000058685 /* noMoreTemplateButton.png */ = {isa = PBXFileReference; lastKnownFileType = image.png; name = noMoreTemplateButton.png; path = Resources/pic/noMoreTemplateButton.png; sourceTree = SOURCE_ROOT; };
		B1106F58156119080035CFAA /* ILPostcardList.h */ = {isa = PBXFileReference; fileEncoding = 4; lastKnownFileType = sourcecode.c.h; name = ILPostcardList.h; path = ILovepostcard/ILPostcardList/ILPostcardList.h; sourceTree = SOURCE_ROOT; };
		B1106F59156119080035CFAA /* ILPostcardList.m */ = {isa = PBXFileReference; fileEncoding = 4; lastKnownFileType = sourcecode.c.objc; name = ILPostcardList.m; path = ILovepostcard/ILPostcardList/ILPostcardList.m; sourceTree = SOURCE_ROOT; };
		B111B82D156631010041127F /* TouchView.h */ = {isa = PBXFileReference; fileEncoding = 4; lastKnownFileType = sourcecode.c.h; path = TouchView.h; sourceTree = "<group>"; };
		B111B82E156631010041127F /* TouchView.m */ = {isa = PBXFileReference; fileEncoding = 4; lastKnownFileType = sourcecode.c.objc; path = TouchView.m; sourceTree = "<group>"; };
		B12E8511156CBEB400B0737B /* ActivityListView.h */ = {isa = PBXFileReference; fileEncoding = 4; lastKnownFileType = sourcecode.c.h; name = ActivityListView.h; path = ActivityListView/ActivityListView.h; sourceTree = "<group>"; };
		B12E8512156CBEB400B0737B /* ActivityListView.m */ = {isa = PBXFileReference; fileEncoding = 4; lastKnownFileType = sourcecode.c.objc; name = ActivityListView.m; path = ActivityListView/ActivityListView.m; sourceTree = "<group>"; };
		B12E8513156CBEB400B0737B /* ActivityListView.xib */ = {isa = PBXFileReference; fileEncoding = 4; lastKnownFileType = file.xib; name = ActivityListView.xib; path = ActivityListView/ActivityListView.xib; sourceTree = "<group>"; };
		B12E8517156CC28100B0737B /* activityList_1.png */ = {isa = PBXFileReference; lastKnownFileType = image.png; name = activityList_1.png; path = Resources/pic/Pic_ActivityListView/activityList_1.png; sourceTree = SOURCE_ROOT; };
		B12E851A156CC46B00B0737B /* ILActivityList.h */ = {isa = PBXFileReference; fileEncoding = 4; lastKnownFileType = sourcecode.c.h; name = ILActivityList.h; path = ILActivityList/ILActivityList.h; sourceTree = "<group>"; };
		B12E851B156CC46B00B0737B /* ILActivityList.m */ = {isa = PBXFileReference; fileEncoding = 4; lastKnownFileType = sourcecode.c.objc; name = ILActivityList.m; path = ILActivityList/ILActivityList.m; sourceTree = "<group>"; };
		B1330B55156E0AD80013CC62 /* VoiceMessageView.h */ = {isa = PBXFileReference; fileEncoding = 4; lastKnownFileType = sourcecode.c.h; name = VoiceMessageView.h; path = VoiceMessageView/VoiceMessageView.h; sourceTree = "<group>"; };
		B1330B56156E0AD80013CC62 /* VoiceMessageView.m */ = {isa = PBXFileReference; fileEncoding = 4; lastKnownFileType = sourcecode.c.objc; name = VoiceMessageView.m; path = VoiceMessageView/VoiceMessageView.m; sourceTree = "<group>"; };
		B1330B57156E0AD80013CC62 /* VoiceMessageView.xib */ = {isa = PBXFileReference; fileEncoding = 4; lastKnownFileType = file.xib; name = VoiceMessageView.xib; path = VoiceMessageView/VoiceMessageView.xib; sourceTree = "<group>"; };
		B1348FAF156E1E880099B9D2 /* Decoder.h */ = {isa = PBXFileReference; fileEncoding = 4; lastKnownFileType = sourcecode.c.h; path = Decoder.h; sourceTree = "<group>"; };
		B1348FB0156E1E880099B9D2 /* Exception.h */ = {isa = PBXFileReference; fileEncoding = 4; lastKnownFileType = sourcecode.c.h; path = Exception.h; sourceTree = "<group>"; };
		B1348FB1156E1E880099B9D2 /* Image.h */ = {isa = PBXFileReference; fileEncoding = 4; lastKnownFileType = sourcecode.c.h; path = Image.h; sourceTree = "<group>"; };
		B1348FB2156E1E880099B9D2 /* ImageScanner.h */ = {isa = PBXFileReference; fileEncoding = 4; lastKnownFileType = sourcecode.c.h; path = ImageScanner.h; sourceTree = "<group>"; };
		B1348FB3156E1E880099B9D2 /* Processor.h */ = {isa = PBXFileReference; fileEncoding = 4; lastKnownFileType = sourcecode.c.h; path = Processor.h; sourceTree = "<group>"; };
		B1348FB4156E1E880099B9D2 /* Scanner.h */ = {isa = PBXFileReference; fileEncoding = 4; lastKnownFileType = sourcecode.c.h; path = Scanner.h; sourceTree = "<group>"; };
		B1348FB5156E1E880099B9D2 /* Symbol.h */ = {isa = PBXFileReference; fileEncoding = 4; lastKnownFileType = sourcecode.c.h; path = Symbol.h; sourceTree = "<group>"; };
		B1348FB6156E1E880099B9D2 /* Video.h */ = {isa = PBXFileReference; fileEncoding = 4; lastKnownFileType = sourcecode.c.h; path = Video.h; sourceTree = "<group>"; };
		B1348FB7156E1E880099B9D2 /* Window.h */ = {isa = PBXFileReference; fileEncoding = 4; lastKnownFileType = sourcecode.c.h; path = Window.h; sourceTree = "<group>"; };
		B1348FB8156E1E880099B9D2 /* zbar.h */ = {isa = PBXFileReference; fileEncoding = 4; lastKnownFileType = sourcecode.c.h; path = zbar.h; sourceTree = "<group>"; };
		B1348FB9156E1E880099B9D2 /* ZBarCameraSimulator.h */ = {isa = PBXFileReference; fileEncoding = 4; lastKnownFileType = sourcecode.c.h; path = ZBarCameraSimulator.h; sourceTree = "<group>"; };
		B1348FBA156E1E880099B9D2 /* ZBarCaptureReader.h */ = {isa = PBXFileReference; fileEncoding = 4; lastKnownFileType = sourcecode.c.h; path = ZBarCaptureReader.h; sourceTree = "<group>"; };
		B1348FBB156E1E880099B9D2 /* ZBarHelpController.h */ = {isa = PBXFileReference; fileEncoding = 4; lastKnownFileType = sourcecode.c.h; path = ZBarHelpController.h; sourceTree = "<group>"; };
		B1348FBC156E1E880099B9D2 /* ZBarImage.h */ = {isa = PBXFileReference; fileEncoding = 4; lastKnownFileType = sourcecode.c.h; path = ZBarImage.h; sourceTree = "<group>"; };
		B1348FBD156E1E880099B9D2 /* ZBarImageScanner.h */ = {isa = PBXFileReference; fileEncoding = 4; lastKnownFileType = sourcecode.c.h; path = ZBarImageScanner.h; sourceTree = "<group>"; };
		B1348FBE156E1E880099B9D2 /* ZBarReaderController.h */ = {isa = PBXFileReference; fileEncoding = 4; lastKnownFileType = sourcecode.c.h; path = ZBarReaderController.h; sourceTree = "<group>"; };
		B1348FBF156E1E880099B9D2 /* ZBarReaderView.h */ = {isa = PBXFileReference; fileEncoding = 4; lastKnownFileType = sourcecode.c.h; path = ZBarReaderView.h; sourceTree = "<group>"; };
		B1348FC0156E1E880099B9D2 /* ZBarReaderViewController.h */ = {isa = PBXFileReference; fileEncoding = 4; lastKnownFileType = sourcecode.c.h; path = ZBarReaderViewController.h; sourceTree = "<group>"; };
		B1348FC1156E1E880099B9D2 /* ZBarSDK.h */ = {isa = PBXFileReference; fileEncoding = 4; lastKnownFileType = sourcecode.c.h; path = ZBarSDK.h; sourceTree = "<group>"; };
		B1348FC2156E1E880099B9D2 /* ZBarSymbol.h */ = {isa = PBXFileReference; fileEncoding = 4; lastKnownFileType = sourcecode.c.h; path = ZBarSymbol.h; sourceTree = "<group>"; };
		B1348FCF156E1ED90099B9D2 /* CoreVideo.framework */ = {isa = PBXFileReference; lastKnownFileType = wrapper.framework; name = CoreVideo.framework; path = System/Library/Frameworks/CoreVideo.framework; sourceTree = SDKROOT; };
		B1348FD1156E1EF10099B9D2 /* AVFoundation.framework */ = {isa = PBXFileReference; lastKnownFileType = wrapper.framework; name = AVFoundation.framework; path = System/Library/Frameworks/AVFoundation.framework; sourceTree = SDKROOT; };
		B1348FD3156E1F120099B9D2 /* libiconv.dylib */ = {isa = PBXFileReference; lastKnownFileType = "compiled.mach-o.dylib"; name = libiconv.dylib; path = usr/lib/libiconv.dylib; sourceTree = SDKROOT; };
		B1348FD6156E1F4D0099B9D2 /* CoreMedia.framework */ = {isa = PBXFileReference; lastKnownFileType = wrapper.framework; name = CoreMedia.framework; path = System/Library/Frameworks/CoreMedia.framework; sourceTree = SDKROOT; };
		B1348FDA156E1FF90099B9D2 /* QuartzCore.framework */ = {isa = PBXFileReference; lastKnownFileType = wrapper.framework; name = QuartzCore.framework; path = System/Library/Frameworks/QuartzCore.framework; sourceTree = SDKROOT; };
		B1348FDD156E29C30099B9D2 /* PlayVoiceView.h */ = {isa = PBXFileReference; fileEncoding = 4; lastKnownFileType = sourcecode.c.h; name = PlayVoiceView.h; path = VoiceMessageView/PlayVoiceView/PlayVoiceView.h; sourceTree = "<group>"; };
		B1348FDE156E29C30099B9D2 /* PlayVoiceView.m */ = {isa = PBXFileReference; fileEncoding = 4; lastKnownFileType = sourcecode.c.objc; name = PlayVoiceView.m; path = VoiceMessageView/PlayVoiceView/PlayVoiceView.m; sourceTree = "<group>"; };
		B1348FDF156E29C30099B9D2 /* PlayVoiceView.xib */ = {isa = PBXFileReference; fileEncoding = 4; lastKnownFileType = file.xib; name = PlayVoiceView.xib; path = VoiceMessageView/PlayVoiceView/PlayVoiceView.xib; sourceTree = "<group>"; };
		B1348FE2156E2F770099B9D2 /* libzbar.a */ = {isa = PBXFileReference; lastKnownFileType = archive.ar; name = libzbar.a; path = ../../libzbar.a; sourceTree = "<group>"; };
		B136171E156F716200746F90 /* ShareAndBuyView.h */ = {isa = PBXFileReference; fileEncoding = 4; lastKnownFileType = sourcecode.c.h; name = ShareAndBuyView.h; path = ILovepostcard/ShareAndBuyView/ShareAndBuyView.h; sourceTree = "<group>"; };
		B136171F156F716200746F90 /* ShareAndBuyView.m */ = {isa = PBXFileReference; fileEncoding = 4; lastKnownFileType = sourcecode.c.objc; name = ShareAndBuyView.m; path = ILovepostcard/ShareAndBuyView/ShareAndBuyView.m; sourceTree = "<group>"; };
		B1361720156F716200746F90 /* ShareAndBuyView.xib */ = {isa = PBXFileReference; fileEncoding = 4; lastKnownFileType = file.xib; name = ShareAndBuyView.xib; path = ILovepostcard/ShareAndBuyView/ShareAndBuyView.xib; sourceTree = "<group>"; };
		B1361724156F752300746F90 /* shareAndBuyView1.png */ = {isa = PBXFileReference; lastKnownFileType = image.png; name = shareAndBuyView1.png; path = Resources/pic/Pic_ShareAndBuyView/shareAndBuyView1.png; sourceTree = "<group>"; };
		B1361725156F752300746F90 /* shareAndBuyView2.png */ = {isa = PBXFileReference; lastKnownFileType = image.png; name = shareAndBuyView2.png; path = Resources/pic/Pic_ShareAndBuyView/shareAndBuyView2.png; sourceTree = "<group>"; };
		B1361726156F752300746F90 /* shareAndBuyView3.png */ = {isa = PBXFileReference; lastKnownFileType = image.png; name = shareAndBuyView3.png; path = Resources/pic/Pic_ShareAndBuyView/shareAndBuyView3.png; sourceTree = "<group>"; };
		B1361727156F752300746F90 /* shareAndBuyView4.png */ = {isa = PBXFileReference; lastKnownFileType = image.png; name = shareAndBuyView4.png; path = Resources/pic/Pic_ShareAndBuyView/shareAndBuyView4.png; sourceTree = "<group>"; };
		B13B3B5115737092009EEB5A /* hotbk.png */ = {isa = PBXFileReference; lastKnownFileType = image.png; path = hotbk.png; sourceTree = "<group>"; };
		B13B3B5215737092009EEB5A /* inbk.PNG */ = {isa = PBXFileReference; lastKnownFileType = image.png; path = inbk.PNG; sourceTree = "<group>"; };
		B13B3B5315737092009EEB5A /* searchbar.png */ = {isa = PBXFileReference; lastKnownFileType = image.png; path = searchbar.png; sourceTree = "<group>"; };
		B13B3B5415737092009EEB5A /* tag.png */ = {isa = PBXFileReference; lastKnownFileType = image.png; path = tag.png; sourceTree = "<group>"; };
		B13B3B5515737092009EEB5A /* tagclick.png */ = {isa = PBXFileReference; lastKnownFileType = image.png; path = tagclick.png; sourceTree = "<group>"; };
		B13B3B5615737092009EEB5A /* titlebk.png */ = {isa = PBXFileReference; lastKnownFileType = image.png; path = titlebk.png; sourceTree = "<group>"; };
		B13B3B5715737092009EEB5A /* titlebtnback.png */ = {isa = PBXFileReference; lastKnownFileType = image.png; path = titlebtnback.png; sourceTree = "<group>"; };
		B13B3B5815737092009EEB5A /* titlebtnbackclick.png */ = {isa = PBXFileReference; lastKnownFileType = image.png; path = titlebtnbackclick.png; sourceTree = "<group>"; };
		B13E99721571BEA400D03344 /* PaymentView.h */ = {isa = PBXFileReference; fileEncoding = 4; lastKnownFileType = sourcecode.c.h; name = PaymentView.h; path = ILovepostcard/ShareAndBuyView/PaymentView/PaymentView.h; sourceTree = "<group>"; };
		B13E99731571BEA400D03344 /* PaymentView.m */ = {isa = PBXFileReference; fileEncoding = 4; lastKnownFileType = sourcecode.c.objc; name = PaymentView.m; path = ILovepostcard/ShareAndBuyView/PaymentView/PaymentView.m; sourceTree = "<group>"; };
		B13E99741571BEA400D03344 /* PaymentView.xib */ = {isa = PBXFileReference; fileEncoding = 4; lastKnownFileType = file.xib; name = PaymentView.xib; path = ILovepostcard/ShareAndBuyView/PaymentView/PaymentView.xib; sourceTree = "<group>"; };
		B13E99781571C11800D03344 /* paymentView1.png */ = {isa = PBXFileReference; lastKnownFileType = image.png; name = paymentView1.png; path = Resources/pic/Pic_PaymentView/paymentView1.png; sourceTree = "<group>"; };
		B13E997A1571C94900D03344 /* paymentView2.png */ = {isa = PBXFileReference; lastKnownFileType = image.png; name = paymentView2.png; path = Resources/pic/Pic_PaymentView/paymentView2.png; sourceTree = "<group>"; };
		B13E997B1571C94900D03344 /* paymentView3.png */ = {isa = PBXFileReference; lastKnownFileType = image.png; name = paymentView3.png; path = Resources/pic/Pic_PaymentView/paymentView3.png; sourceTree = "<group>"; };
		B13E997E1571CC5100D03344 /* paymentView4.png */ = {isa = PBXFileReference; lastKnownFileType = image.png; name = paymentView4.png; path = Resources/pic/Pic_PaymentView/paymentView4.png; sourceTree = "<group>"; };
		B13E99801571D7D900D03344 /* postBack7.png */ = {isa = PBXFileReference; lastKnownFileType = image.png; name = postBack7.png; path = Resources/pic/Pic_PoatBack/postBack7.png; sourceTree = "<group>"; };
		B13E998B157206DB00D03344 /* NSString+MD5Addition.h */ = {isa = PBXFileReference; fileEncoding = 4; lastKnownFileType = sourcecode.c.h; path = "NSString+MD5Addition.h"; sourceTree = "<group>"; };
		B13E998C157206DB00D03344 /* NSString+MD5Addition.m */ = {isa = PBXFileReference; fileEncoding = 4; lastKnownFileType = sourcecode.c.objc; path = "NSString+MD5Addition.m"; sourceTree = "<group>"; };
		B13E998D157206DB00D03344 /* UIDevice+IdentifierAddition.h */ = {isa = PBXFileReference; fileEncoding = 4; lastKnownFileType = sourcecode.c.h; path = "UIDevice+IdentifierAddition.h"; sourceTree = "<group>"; };
		B13E998E157206DB00D03344 /* UIDevice+IdentifierAddition.m */ = {isa = PBXFileReference; fileEncoding = 4; lastKnownFileType = sourcecode.c.objc; path = "UIDevice+IdentifierAddition.m"; sourceTree = "<group>"; };
		B13E999515721EBE00D03344 /* bannerbk.png */ = {isa = PBXFileReference; lastKnownFileType = image.png; path = bannerbk.png; sourceTree = "<group>"; };
		B13E999615721EBE00D03344 /* bannerlight.png */ = {isa = PBXFileReference; lastKnownFileType = image.png; path = bannerlight.png; sourceTree = "<group>"; };
		B13E999715721EBE00D03344 /* bk.png */ = {isa = PBXFileReference; lastKnownFileType = image.png; path = bk.png; sourceTree = "<group>"; };
		B13E999815721EBE00D03344 /* listen.png */ = {isa = PBXFileReference; lastKnownFileType = image.png; path = listen.png; sourceTree = "<group>"; };
		B13E999915721EBE00D03344 /* listenpress.png */ = {isa = PBXFileReference; lastKnownFileType = image.png; path = listenpress.png; sourceTree = "<group>"; };
		B13E999A15721EBE00D03344 /* make.png */ = {isa = PBXFileReference; lastKnownFileType = image.png; path = make.png; sourceTree = "<group>"; };
		B13E999B15721EBE00D03344 /* makepress.png */ = {isa = PBXFileReference; lastKnownFileType = image.png; path = makepress.png; sourceTree = "<group>"; };
		B13E999C15721EBE00D03344 /* more.png */ = {isa = PBXFileReference; lastKnownFileType = image.png; path = more.png; sourceTree = "<group>"; };
		B13E999D15721EBE00D03344 /* morepress.png */ = {isa = PBXFileReference; lastKnownFileType = image.png; path = morepress.png; sourceTree = "<group>"; };
		B13E999E15721EBE00D03344 /* planeshow.png */ = {isa = PBXFileReference; lastKnownFileType = image.png; path = planeshow.png; sourceTree = "<group>"; };
		B13E999F15721EBE00D03344 /* postoffice.png */ = {isa = PBXFileReference; lastKnownFileType = image.png; path = postoffice.png; sourceTree = "<group>"; };
		B13E99A015721EBE00D03344 /* postofficepress.png */ = {isa = PBXFileReference; lastKnownFileType = image.png; path = postofficepress.png; sourceTree = "<group>"; };
		B13E99A115721EBE00D03344 /* sendbk.png */ = {isa = PBXFileReference; lastKnownFileType = image.png; path = sendbk.png; sourceTree = "<group>"; };
		B13E99A215721EBE00D03344 /* sendlight.png */ = {isa = PBXFileReference; lastKnownFileType = image.png; path = sendlight.png; sourceTree = "<group>"; };
		B14104291565EB49004DF34C /* changcamera.png */ = {isa = PBXFileReference; lastKnownFileType = image.png; name = changcamera.png; path = Resources/pic/changcamera.png; sourceTree = SOURCE_ROOT; };
		B141042A1565EB49004DF34C /* flashauto.png */ = {isa = PBXFileReference; lastKnownFileType = image.png; name = flashauto.png; path = Resources/pic/flashauto.png; sourceTree = SOURCE_ROOT; };
		B141042B1565EB49004DF34C /* flashoff.png */ = {isa = PBXFileReference; lastKnownFileType = image.png; name = flashoff.png; path = Resources/pic/flashoff.png; sourceTree = SOURCE_ROOT; };
		B141042C1565EB49004DF34C /* flashon.png */ = {isa = PBXFileReference; lastKnownFileType = image.png; name = flashon.png; path = Resources/pic/flashon.png; sourceTree = SOURCE_ROOT; };
		B15E86E81564F06F00108271 /* TemplateDetails-Singleton.h */ = {isa = PBXFileReference; fileEncoding = 4; lastKnownFileType = sourcecode.c.h; name = "TemplateDetails-Singleton.h"; path = "ILovepostcard/TemplateDetails-Singleton/TemplateDetails-Singleton.h"; sourceTree = "<group>"; };
		B15E86E91564F06F00108271 /* TemplateDetails-Singleton.m */ = {isa = PBXFileReference; fileEncoding = 4; lastKnownFileType = sourcecode.c.objc; name = "TemplateDetails-Singleton.m"; path = "ILovepostcard/TemplateDetails-Singleton/TemplateDetails-Singleton.m"; sourceTree = "<group>"; };
		B15EDD96155A577A00B0C873 /* ILovepostcard.app */ = {isa = PBXFileReference; explicitFileType = wrapper.application; includeInIndex = 0; path = ILovepostcard.app; sourceTree = BUILT_PRODUCTS_DIR; };
		B15EDD9A155A577A00B0C873 /* UIKit.framework */ = {isa = PBXFileReference; lastKnownFileType = wrapper.framework; name = UIKit.framework; path = System/Library/Frameworks/UIKit.framework; sourceTree = SDKROOT; };
		B15EDD9C155A577A00B0C873 /* Foundation.framework */ = {isa = PBXFileReference; lastKnownFileType = wrapper.framework; name = Foundation.framework; path = System/Library/Frameworks/Foundation.framework; sourceTree = SDKROOT; };
		B15EDD9E155A577A00B0C873 /* CoreGraphics.framework */ = {isa = PBXFileReference; lastKnownFileType = wrapper.framework; name = CoreGraphics.framework; path = System/Library/Frameworks/CoreGraphics.framework; sourceTree = SDKROOT; };
		B1846B921568D4BA00635271 /* ScaleAndRotateView.h */ = {isa = PBXFileReference; fileEncoding = 4; lastKnownFileType = sourcecode.c.h; path = ScaleAndRotateView.h; sourceTree = "<group>"; };
		B1846B931568D4BA00635271 /* ScaleAndRotateView.m */ = {isa = PBXFileReference; fileEncoding = 4; lastKnownFileType = sourcecode.c.objc; path = ScaleAndRotateView.m; sourceTree = "<group>"; };
		B19D65BA1560A0840028A9F4 /* DisplayEachTemplateDetals.h */ = {isa = PBXFileReference; fileEncoding = 4; lastKnownFileType = sourcecode.c.h; name = DisplayEachTemplateDetals.h; path = "ILovepostcard/DisplayEachTemplateDetals--Front/DisplayEachTemplateDetals.h"; sourceTree = "<group>"; };
		B19D65BB1560A0840028A9F4 /* DisplayEachTemplateDetals.m */ = {isa = PBXFileReference; fileEncoding = 4; lastKnownFileType = sourcecode.c.objc; name = DisplayEachTemplateDetals.m; path = "ILovepostcard/DisplayEachTemplateDetals--Front/DisplayEachTemplateDetals.m"; sourceTree = "<group>"; };
		B19D65BC1560A0840028A9F4 /* DisplayEachTemplateDetals.xib */ = {isa = PBXFileReference; fileEncoding = 4; lastKnownFileType = file.xib; name = DisplayEachTemplateDetals.xib; path = "ILovepostcard/DisplayEachTemplateDetals--Front/DisplayEachTemplateDetals.xib"; sourceTree = "<group>"; };
		B19D65BF1560A0910028A9F4 /* DisplayEachTemplateDetals-Back.h */ = {isa = PBXFileReference; fileEncoding = 4; lastKnownFileType = sourcecode.c.h; name = "DisplayEachTemplateDetals-Back.h"; path = "ILovepostcard/DisplayEachTemplateDetals-Back/DisplayEachTemplateDetals-Back.h"; sourceTree = "<group>"; };
		B19D65C01560A0910028A9F4 /* DisplayEachTemplateDetals-Back.m */ = {isa = PBXFileReference; fileEncoding = 4; lastKnownFileType = sourcecode.c.objc; name = "DisplayEachTemplateDetals-Back.m"; path = "ILovepostcard/DisplayEachTemplateDetals-Back/DisplayEachTemplateDetals-Back.m"; sourceTree = "<group>"; };
		B19D65C11560A0910028A9F4 /* DisplayEachTemplateDetals-Back.xib */ = {isa = PBXFileReference; fileEncoding = 4; lastKnownFileType = file.xib; name = "DisplayEachTemplateDetals-Back.xib"; path = "ILovepostcard/DisplayEachTemplateDetals-Back/DisplayEachTemplateDetals-Back.xib"; sourceTree = "<group>"; };
		B19D65D81560A0C70028A9F4 /* addMoreTemplateButton.png */ = {isa = PBXFileReference; lastKnownFileType = image.png; name = addMoreTemplateButton.png; path = Resources/pic/addMoreTemplateButton.png; sourceTree = SOURCE_ROOT; };
		B19D65D91560A0C70028A9F4 /* change_it.png */ = {isa = PBXFileReference; lastKnownFileType = image.png; name = change_it.png; path = Resources/pic/change_it.png; sourceTree = SOURCE_ROOT; };
		B19D65DA1560A0C70028A9F4 /* NavBar_01_s.png */ = {isa = PBXFileReference; lastKnownFileType = image.png; name = NavBar_01_s.png; path = Resources/pic/NavBar_01_s.png; sourceTree = SOURCE_ROOT; };
		B19D65DB1560A0C70028A9F4 /* NavBar_01.png */ = {isa = PBXFileReference; lastKnownFileType = image.png; name = NavBar_01.png; path = Resources/pic/NavBar_01.png; sourceTree = SOURCE_ROOT; };
		B19D65DC1560A0C70028A9F4 /* tools_bar_bg.png */ = {isa = PBXFileReference; lastKnownFileType = image.png; name = tools_bar_bg.png; path = Resources/pic/tools_bar_bg.png; sourceTree = SOURCE_ROOT; };
		B19D65E41560A1430028A9F4 /* en */ = {isa = PBXFileReference; lastKnownFileType = file.xib; name = en; path = FirstViewController.xib; sourceTree = "<group>"; };
		B19D65E61560A1430028A9F4 /* en */ = {isa = PBXFileReference; lastKnownFileType = text.plist.strings; name = en; path = InfoPlist.strings; sourceTree = "<group>"; };
		B19D65E81560A1430028A9F4 /* en */ = {isa = PBXFileReference; lastKnownFileType = file.xib; name = en; path = SecondViewController.xib; sourceTree = "<group>"; };
		B19D65E91560A1430028A9F4 /* ILovepostcard-Info.plist */ = {isa = PBXFileReference; fileEncoding = 4; lastKnownFileType = text.plist.xml; path = "ILovepostcard-Info.plist"; sourceTree = "<group>"; };
		B19D65EA1560A1430028A9F4 /* ILovepostcard-Prefix.pch */ = {isa = PBXFileReference; fileEncoding = 4; lastKnownFileType = sourcecode.c.h; path = "ILovepostcard-Prefix.pch"; sourceTree = "<group>"; };
		B19D65EB1560A1430028A9F4 /* main.m */ = {isa = PBXFileReference; fileEncoding = 4; lastKnownFileType = sourcecode.c.objc; path = main.m; sourceTree = "<group>"; };
		B19D65F11560A16B0028A9F4 /* AppDelegate.h */ = {isa = PBXFileReference; fileEncoding = 4; lastKnownFileType = sourcecode.c.h; path = AppDelegate.h; sourceTree = "<group>"; };
		B19D65F21560A16B0028A9F4 /* AppDelegate.m */ = {isa = PBXFileReference; fileEncoding = 4; lastKnownFileType = sourcecode.c.objc; path = AppDelegate.m; sourceTree = "<group>"; };
		B19D65F51560A1940028A9F4 /* ASIAuthenticationDialog.h */ = {isa = PBXFileReference; fileEncoding = 4; lastKnownFileType = sourcecode.c.h; path = ASIAuthenticationDialog.h; sourceTree = "<group>"; };
		B19D65F61560A1940028A9F4 /* ASIAuthenticationDialog.m */ = {isa = PBXFileReference; fileEncoding = 4; lastKnownFileType = sourcecode.c.objc; path = ASIAuthenticationDialog.m; sourceTree = "<group>"; };
		B19D65F71560A1940028A9F4 /* ASICacheDelegate.h */ = {isa = PBXFileReference; fileEncoding = 4; lastKnownFileType = sourcecode.c.h; path = ASICacheDelegate.h; sourceTree = "<group>"; };
		B19D65F81560A1940028A9F4 /* ASIDataCompressor.h */ = {isa = PBXFileReference; fileEncoding = 4; lastKnownFileType = sourcecode.c.h; path = ASIDataCompressor.h; sourceTree = "<group>"; };
		B19D65F91560A1940028A9F4 /* ASIDataCompressor.m */ = {isa = PBXFileReference; fileEncoding = 4; lastKnownFileType = sourcecode.c.objc; path = ASIDataCompressor.m; sourceTree = "<group>"; };
		B19D65FA1560A1940028A9F4 /* ASIDataDecompressor.h */ = {isa = PBXFileReference; fileEncoding = 4; lastKnownFileType = sourcecode.c.h; path = ASIDataDecompressor.h; sourceTree = "<group>"; };
		B19D65FB1560A1940028A9F4 /* ASIDataDecompressor.m */ = {isa = PBXFileReference; fileEncoding = 4; lastKnownFileType = sourcecode.c.objc; path = ASIDataDecompressor.m; sourceTree = "<group>"; };
		B19D65FC1560A1940028A9F4 /* ASIDownloadCache.h */ = {isa = PBXFileReference; fileEncoding = 4; lastKnownFileType = sourcecode.c.h; path = ASIDownloadCache.h; sourceTree = "<group>"; };
		B19D65FD1560A1940028A9F4 /* ASIDownloadCache.m */ = {isa = PBXFileReference; fileEncoding = 4; lastKnownFileType = sourcecode.c.objc; path = ASIDownloadCache.m; sourceTree = "<group>"; };
		B19D65FE1560A1940028A9F4 /* ASIFormDataRequest.h */ = {isa = PBXFileReference; fileEncoding = 4; lastKnownFileType = sourcecode.c.h; path = ASIFormDataRequest.h; sourceTree = "<group>"; };
		B19D65FF1560A1940028A9F4 /* ASIFormDataRequest.m */ = {isa = PBXFileReference; fileEncoding = 4; lastKnownFileType = sourcecode.c.objc; path = ASIFormDataRequest.m; sourceTree = "<group>"; };
		B19D66001560A1940028A9F4 /* ASIHTTPRequest.h */ = {isa = PBXFileReference; fileEncoding = 4; lastKnownFileType = sourcecode.c.h; path = ASIHTTPRequest.h; sourceTree = "<group>"; };
		B19D66011560A1940028A9F4 /* ASIHTTPRequest.m */ = {isa = PBXFileReference; fileEncoding = 4; lastKnownFileType = sourcecode.c.objc; path = ASIHTTPRequest.m; sourceTree = "<group>"; };
		B19D66021560A1940028A9F4 /* ASIHTTPRequestConfig.h */ = {isa = PBXFileReference; fileEncoding = 4; lastKnownFileType = sourcecode.c.h; path = ASIHTTPRequestConfig.h; sourceTree = "<group>"; };
		B19D66031560A1940028A9F4 /* ASIHTTPRequestDelegate.h */ = {isa = PBXFileReference; fileEncoding = 4; lastKnownFileType = sourcecode.c.h; path = ASIHTTPRequestDelegate.h; sourceTree = "<group>"; };
		B19D66041560A1940028A9F4 /* ASIInputStream.h */ = {isa = PBXFileReference; fileEncoding = 4; lastKnownFileType = sourcecode.c.h; path = ASIInputStream.h; sourceTree = "<group>"; };
		B19D66051560A1940028A9F4 /* ASIInputStream.m */ = {isa = PBXFileReference; fileEncoding = 4; lastKnownFileType = sourcecode.c.objc; path = ASIInputStream.m; sourceTree = "<group>"; };
		B19D66061560A1940028A9F4 /* ASINetworkQueue.h */ = {isa = PBXFileReference; fileEncoding = 4; lastKnownFileType = sourcecode.c.h; path = ASINetworkQueue.h; sourceTree = "<group>"; };
		B19D66071560A1940028A9F4 /* ASINetworkQueue.m */ = {isa = PBXFileReference; fileEncoding = 4; lastKnownFileType = sourcecode.c.objc; path = ASINetworkQueue.m; sourceTree = "<group>"; };
		B19D66081560A1940028A9F4 /* ASIProgressDelegate.h */ = {isa = PBXFileReference; fileEncoding = 4; lastKnownFileType = sourcecode.c.h; path = ASIProgressDelegate.h; sourceTree = "<group>"; };
		B19D66091560A1940028A9F4 /* Reachability.h */ = {isa = PBXFileReference; fileEncoding = 4; lastKnownFileType = sourcecode.c.h; path = Reachability.h; sourceTree = "<group>"; };
		B19D660A1560A1940028A9F4 /* Reachability.m */ = {isa = PBXFileReference; fileEncoding = 4; lastKnownFileType = sourcecode.c.objc; path = Reachability.m; sourceTree = "<group>"; };
		B19D660C1560A1940028A9F4 /* NSObject+SBJson.h */ = {isa = PBXFileReference; fileEncoding = 4; lastKnownFileType = sourcecode.c.h; path = "NSObject+SBJson.h"; sourceTree = "<group>"; };
		B19D660D1560A1940028A9F4 /* NSObject+SBJson.m */ = {isa = PBXFileReference; fileEncoding = 4; lastKnownFileType = sourcecode.c.objc; path = "NSObject+SBJson.m"; sourceTree = "<group>"; };
		B19D660E1560A1940028A9F4 /* SBJson.h */ = {isa = PBXFileReference; fileEncoding = 4; lastKnownFileType = sourcecode.c.h; path = SBJson.h; sourceTree = "<group>"; };
		B19D660F1560A1940028A9F4 /* SBJsonParser.h */ = {isa = PBXFileReference; fileEncoding = 4; lastKnownFileType = sourcecode.c.h; path = SBJsonParser.h; sourceTree = "<group>"; };
		B19D66101560A1940028A9F4 /* SBJsonParser.m */ = {isa = PBXFileReference; fileEncoding = 4; lastKnownFileType = sourcecode.c.objc; path = SBJsonParser.m; sourceTree = "<group>"; };
		B19D66111560A1940028A9F4 /* SBJsonStreamParser.h */ = {isa = PBXFileReference; fileEncoding = 4; lastKnownFileType = sourcecode.c.h; path = SBJsonStreamParser.h; sourceTree = "<group>"; };
		B19D66121560A1940028A9F4 /* SBJsonStreamParser.m */ = {isa = PBXFileReference; fileEncoding = 4; lastKnownFileType = sourcecode.c.objc; path = SBJsonStreamParser.m; sourceTree = "<group>"; };
		B19D66131560A1940028A9F4 /* SBJsonStreamParserAccumulator.h */ = {isa = PBXFileReference; fileEncoding = 4; lastKnownFileType = sourcecode.c.h; path = SBJsonStreamParserAccumulator.h; sourceTree = "<group>"; };
		B19D66141560A1940028A9F4 /* SBJsonStreamParserAccumulator.m */ = {isa = PBXFileReference; fileEncoding = 4; lastKnownFileType = sourcecode.c.objc; path = SBJsonStreamParserAccumulator.m; sourceTree = "<group>"; };
		B19D66151560A1940028A9F4 /* SBJsonStreamParserAdapter.h */ = {isa = PBXFileReference; fileEncoding = 4; lastKnownFileType = sourcecode.c.h; path = SBJsonStreamParserAdapter.h; sourceTree = "<group>"; };
		B19D66161560A1940028A9F4 /* SBJsonStreamParserAdapter.m */ = {isa = PBXFileReference; fileEncoding = 4; lastKnownFileType = sourcecode.c.objc; path = SBJsonStreamParserAdapter.m; sourceTree = "<group>"; };
		B19D66171560A1940028A9F4 /* SBJsonStreamParserState.h */ = {isa = PBXFileReference; fileEncoding = 4; lastKnownFileType = sourcecode.c.h; path = SBJsonStreamParserState.h; sourceTree = "<group>"; };
		B19D66181560A1940028A9F4 /* SBJsonStreamParserState.m */ = {isa = PBXFileReference; fileEncoding = 4; lastKnownFileType = sourcecode.c.objc; path = SBJsonStreamParserState.m; sourceTree = "<group>"; };
		B19D66191560A1940028A9F4 /* SBJsonStreamWriter.h */ = {isa = PBXFileReference; fileEncoding = 4; lastKnownFileType = sourcecode.c.h; path = SBJsonStreamWriter.h; sourceTree = "<group>"; };
		B19D661A1560A1940028A9F4 /* SBJsonStreamWriter.m */ = {isa = PBXFileReference; fileEncoding = 4; lastKnownFileType = sourcecode.c.objc; path = SBJsonStreamWriter.m; sourceTree = "<group>"; };
		B19D661B1560A1940028A9F4 /* SBJsonStreamWriterAccumulator.h */ = {isa = PBXFileReference; fileEncoding = 4; lastKnownFileType = sourcecode.c.h; path = SBJsonStreamWriterAccumulator.h; sourceTree = "<group>"; };
		B19D661C1560A1940028A9F4 /* SBJsonStreamWriterAccumulator.m */ = {isa = PBXFileReference; fileEncoding = 4; lastKnownFileType = sourcecode.c.objc; path = SBJsonStreamWriterAccumulator.m; sourceTree = "<group>"; };
		B19D661D1560A1940028A9F4 /* SBJsonStreamWriterState.h */ = {isa = PBXFileReference; fileEncoding = 4; lastKnownFileType = sourcecode.c.h; path = SBJsonStreamWriterState.h; sourceTree = "<group>"; };
		B19D661E1560A1940028A9F4 /* SBJsonStreamWriterState.m */ = {isa = PBXFileReference; fileEncoding = 4; lastKnownFileType = sourcecode.c.objc; path = SBJsonStreamWriterState.m; sourceTree = "<group>"; };
		B19D661F1560A1940028A9F4 /* SBJsonTokeniser.h */ = {isa = PBXFileReference; fileEncoding = 4; lastKnownFileType = sourcecode.c.h; path = SBJsonTokeniser.h; sourceTree = "<group>"; };
		B19D66201560A1940028A9F4 /* SBJsonTokeniser.m */ = {isa = PBXFileReference; fileEncoding = 4; lastKnownFileType = sourcecode.c.objc; path = SBJsonTokeniser.m; sourceTree = "<group>"; };
		B19D66211560A1940028A9F4 /* SBJsonUTF8Stream.h */ = {isa = PBXFileReference; fileEncoding = 4; lastKnownFileType = sourcecode.c.h; path = SBJsonUTF8Stream.h; sourceTree = "<group>"; };
		B19D66221560A1940028A9F4 /* SBJsonUTF8Stream.m */ = {isa = PBXFileReference; fileEncoding = 4; lastKnownFileType = sourcecode.c.objc; path = SBJsonUTF8Stream.m; sourceTree = "<group>"; };
		B19D66231560A1940028A9F4 /* SBJsonWriter.h */ = {isa = PBXFileReference; fileEncoding = 4; lastKnownFileType = sourcecode.c.h; path = SBJsonWriter.h; sourceTree = "<group>"; };
		B19D66241560A1940028A9F4 /* SBJsonWriter.m */ = {isa = PBXFileReference; fileEncoding = 4; lastKnownFileType = sourcecode.c.objc; path = SBJsonWriter.m; sourceTree = "<group>"; };
		B19D664D1560A6D10028A9F4 /* GoToPostcardList.h */ = {isa = PBXFileReference; fileEncoding = 4; lastKnownFileType = sourcecode.c.h; name = GoToPostcardList.h; path = ILovepostcard/GoToPostcardList/GoToPostcardList.h; sourceTree = "<group>"; };
		B19D664E1560A6D10028A9F4 /* GoToPostcardList.m */ = {isa = PBXFileReference; fileEncoding = 4; lastKnownFileType = sourcecode.c.objc; name = GoToPostcardList.m; path = ILovepostcard/GoToPostcardList/GoToPostcardList.m; sourceTree = "<group>"; };
		B19D664F1560A6D10028A9F4 /* GoToPostcardList.xib */ = {isa = PBXFileReference; fileEncoding = 4; lastKnownFileType = file.xib; name = GoToPostcardList.xib; path = ILovepostcard/GoToPostcardList/GoToPostcardList.xib; sourceTree = "<group>"; };
		B19D66571560ED110028A9F4 /* LoadingIndicator.h */ = {isa = PBXFileReference; fileEncoding = 4; lastKnownFileType = sourcecode.c.h; path = LoadingIndicator.h; sourceTree = "<group>"; };
		B19D66581560ED110028A9F4 /* LoadingIndicator.m */ = {isa = PBXFileReference; fileEncoding = 4; lastKnownFileType = sourcecode.c.objc; path = LoadingIndicator.m; sourceTree = "<group>"; };
		B19D66591560ED110028A9F4 /* PromptView.h */ = {isa = PBXFileReference; fileEncoding = 4; lastKnownFileType = sourcecode.c.h; path = PromptView.h; sourceTree = "<group>"; };
		B19D665A1560ED110028A9F4 /* PromptView.m */ = {isa = PBXFileReference; fileEncoding = 4; lastKnownFileType = sourcecode.c.objc; path = PromptView.m; sourceTree = "<group>"; };
		B1D1D35E1569D9BC0015A054 /* default.PNG */ = {isa = PBXFileReference; lastKnownFileType = image.png; name = default.PNG; path = Resources/pic/default.PNG; sourceTree = SOURCE_ROOT; };
		B1D1D3AD1569E6B80015A054 /* ViewController.h */ = {isa = PBXFileReference; fileEncoding = 4; lastKnownFileType = sourcecode.c.h; path = ViewController.h; sourceTree = "<group>"; };
		B1D1D3AE1569E6B80015A054 /* ViewController.m */ = {isa = PBXFileReference; fileEncoding = 4; lastKnownFileType = sourcecode.c.objc; path = ViewController.m; sourceTree = "<group>"; };
		B1D1D3AF1569E6B80015A054 /* ViewController.xib */ = {isa = PBXFileReference; fileEncoding = 4; lastKnownFileType = file.xib; path = ViewController.xib; sourceTree = "<group>"; };
		B1D1D3C7156A3EB10015A054 /* postFront1.png */ = {isa = PBXFileReference; lastKnownFileType = image.png; name = postFront1.png; path = Resources/pic/Pic_PostFront/postFront1.png; sourceTree = "<group>"; };
		B1D1D3C8156A3EB10015A054 /* postFront2.png */ = {isa = PBXFileReference; lastKnownFileType = image.png; name = postFront2.png; path = Resources/pic/Pic_PostFront/postFront2.png; sourceTree = "<group>"; };
		B1D1D3CC156A52060015A054 /* postBack1.png */ = {isa = PBXFileReference; lastKnownFileType = image.png; name = postBack1.png; path = Resources/pic/Pic_PoatBack/postBack1.png; sourceTree = "<group>"; };
		B1D1D3CD156A52060015A054 /* postBack3.png */ = {isa = PBXFileReference; lastKnownFileType = image.png; name = postBack3.png; path = Resources/pic/Pic_PoatBack/postBack3.png; sourceTree = "<group>"; };
		B1D1D3CE156A52060015A054 /* postBack4.png */ = {isa = PBXFileReference; lastKnownFileType = image.png; name = postBack4.png; path = Resources/pic/Pic_PoatBack/postBack4.png; sourceTree = "<group>"; };
		B1D1D3CF156A52060015A054 /* postBack5.png */ = {isa = PBXFileReference; lastKnownFileType = image.png; name = postBack5.png; path = Resources/pic/Pic_PoatBack/postBack5.png; sourceTree = "<group>"; };
		B1D1D3D0156A52060015A054 /* postBack6.png */ = {isa = PBXFileReference; lastKnownFileType = image.png; name = postBack6.png; path = Resources/pic/Pic_PoatBack/postBack6.png; sourceTree = "<group>"; };
		B1FF8131156C845600DA895E /* MapController.h */ = {isa = PBXFileReference; fileEncoding = 4; lastKnownFileType = sourcecode.c.h; name = MapController.h; path = ILovepostcard/MapController/MapController.h; sourceTree = "<group>"; };
		B1FF8132156C845600DA895E /* MapController.m */ = {isa = PBXFileReference; fileEncoding = 4; lastKnownFileType = sourcecode.c.objc; name = MapController.m; path = ILovepostcard/MapController/MapController.m; sourceTree = "<group>"; };
		B1FF8134156C88A000DA895E /* MapKit.framework */ = {isa = PBXFileReference; lastKnownFileType = wrapper.framework; name = MapKit.framework; path = System/Library/Frameworks/MapKit.framework; sourceTree = SDKROOT; };
/* End PBXFileReference section */

/* Begin PBXFrameworksBuildPhase section */
		B15EDD93155A577A00B0C873 /* Frameworks */ = {
			isa = PBXFrameworksBuildPhase;
			buildActionMask = 2147483647;
			files = (
				B1348FE3156E2F770099B9D2 /* libzbar.a in Frameworks */,
				B1348FDB156E1FF90099B9D2 /* QuartzCore.framework in Frameworks */,
				B1348FD7156E1F4D0099B9D2 /* CoreMedia.framework in Frameworks */,
				B1348FD4156E1F120099B9D2 /* libiconv.dylib in Frameworks */,
				B1348FD2156E1EF10099B9D2 /* AVFoundation.framework in Frameworks */,
				B15EDD9F155A577A00B0C873 /* CoreGraphics.framework in Frameworks */,
				B1348FD0156E1ED90099B9D2 /* CoreVideo.framework in Frameworks */,
				B1FF8136156C88B200DA895E /* MapKit.framework in Frameworks */,
				B102FF73155BB33A008DC42D /* libxml2.dylib in Frameworks */,
				B102FF71155BB327008DC42D /* libz.dylib in Frameworks */,
				B102FF6F155BB314008DC42D /* MobileCoreServices.framework in Frameworks */,
				B102FF6D155BB30D008DC42D /* SystemConfiguration.framework in Frameworks */,
				B102FF6B155BB303008DC42D /* CFNetwork.framework in Frameworks */,
				B15EDD9B155A577A00B0C873 /* UIKit.framework in Frameworks */,
				B15EDD9D155A577A00B0C873 /* Foundation.framework in Frameworks */,
			);
			runOnlyForDeploymentPostprocessing = 0;
		};
/* End PBXFrameworksBuildPhase section */

/* Begin PBXGroup section */
		B102FF09155B95D4008DC42D /* Pic */ = {
			isa = PBXGroup;
			children = (
				B1D1D35E1569D9BC0015A054 /* default.PNG */,
				B14104291565EB49004DF34C /* changcamera.png */,
				B141042A1565EB49004DF34C /* flashauto.png */,
				B141042B1565EB49004DF34C /* flashoff.png */,
				B141042C1565EB49004DF34C /* flashon.png */,
				B10DA9661563A3D000058685 /* noMoreTemplateButton.png */,
				B19D65D81560A0C70028A9F4 /* addMoreTemplateButton.png */,
				B19D65D91560A0C70028A9F4 /* change_it.png */,
				B19D65DA1560A0C70028A9F4 /* NavBar_01_s.png */,
				B19D65DB1560A0C70028A9F4 /* NavBar_01.png */,
				B19D65DC1560A0C70028A9F4 /* tools_bar_bg.png */,
			);
			name = Pic;
			path = pic;
			sourceTree = "<group>";
		};
		B102FF12155B9F4D008DC42D /* Resources */ = {
			isa = PBXGroup;
			children = (
				B102FF09155B95D4008DC42D /* Pic */,
			);
			name = Resources;
			sourceTree = "<group>";
		};
		B102FF13155B9FCD008DC42D /* GoToPostcardList */ = {
			isa = PBXGroup;
			children = (
				B1D1D3C1156A15950015A054 /* Pic_GoToPostcardList */,
				B19D66561560ED110028A9F4 /* Indicator */,
				B1106F5B156119230035CFAA /* ListSingleton */,
				B19D664D1560A6D10028A9F4 /* GoToPostcardList.h */,
				B19D664E1560A6D10028A9F4 /* GoToPostcardList.m */,
				B19D664F1560A6D10028A9F4 /* GoToPostcardList.xib */,
			);
			name = GoToPostcardList;
			path = ..;
			sourceTree = "<group>";
		};
		B102FF22155BB12A008DC42D /* Http+Json */ = {
			isa = PBXGroup;
			children = (
				B19D65F41560A1940028A9F4 /* ASIHttpRequest */,
				B19D660B1560A1940028A9F4 /* SBJson */,
			);
			name = "Http+Json";
			sourceTree = "<group>";
		};
		B102FF23155BB143008DC42D /* Main */ = {
			isa = PBXGroup;
			children = (
				B1D1D3B21569E8410015A054 /* Pic_ViewController */,
				B13E998A157206DB00D03344 /* MacAddressIdentifier */,
				B19D65F11560A16B0028A9F4 /* AppDelegate.h */,
				B19D65F21560A16B0028A9F4 /* AppDelegate.m */,
				B1D1D3AD1569E6B80015A054 /* ViewController.h */,
				B1D1D3AE1569E6B80015A054 /* ViewController.m */,
				B1D1D3AF1569E6B80015A054 /* ViewController.xib */,
			);
			name = Main;
			sourceTree = "<group>";
		};
		B1106F5B156119230035CFAA /* ListSingleton */ = {
			isa = PBXGroup;
			children = (
				B1106F58156119080035CFAA /* ILPostcardList.h */,
				B1106F59156119080035CFAA /* ILPostcardList.m */,
			);
			name = ListSingleton;
			sourceTree = "<group>";
		};
		B111B82C156631010041127F /* TouchView */ = {
			isa = PBXGroup;
			children = (
				B111B82D156631010041127F /* TouchView.h */,
				B111B82E156631010041127F /* TouchView.m */,
			);
			name = TouchView;
			path = ILovepostcard/TouchView;
			sourceTree = "<group>";
		};
		B12E850D156CBD2000B0737B /* ActivityListView */ = {
			isa = PBXGroup;
			children = (
				B12E8519156CC3DF00B0737B /* ActivityListSingleton */,
				B12E8516156CC23B00B0737B /* Pic_activityList */,
				B12E8511156CBEB400B0737B /* ActivityListView.h */,
				B12E8512156CBEB400B0737B /* ActivityListView.m */,
				B12E8513156CBEB400B0737B /* ActivityListView.xib */,
			);
			name = ActivityListView;
			sourceTree = "<group>";
		};
		B12E8516156CC23B00B0737B /* Pic_activityList */ = {
			isa = PBXGroup;
			children = (
				B12E8517156CC28100B0737B /* activityList_1.png */,
			);
			name = Pic_activityList;
			sourceTree = "<group>";
		};
		B12E8519156CC3DF00B0737B /* ActivityListSingleton */ = {
			isa = PBXGroup;
			children = (
				B12E851A156CC46B00B0737B /* ILActivityList.h */,
				B12E851B156CC46B00B0737B /* ILActivityList.m */,
			);
			name = ActivityListSingleton;
			sourceTree = "<group>";
		};
		B1330B54156E0A0E0013CC62 /* VoiceMessageView */ = {
			isa = PBXGroup;
			children = (
				B1348FDC156E29900099B9D2 /* PlayVoiceView */,
				B1348FAD156E1E880099B9D2 /* ZBarSDK */,
				B1330B55156E0AD80013CC62 /* VoiceMessageView.h */,
				B1330B56156E0AD80013CC62 /* VoiceMessageView.m */,
				B1330B57156E0AD80013CC62 /* VoiceMessageView.xib */,
			);
			name = VoiceMessageView;
			sourceTree = "<group>";
		};
		B1348FAD156E1E880099B9D2 /* ZBarSDK */ = {
			isa = PBXGroup;
			children = (
				B1348FE2156E2F770099B9D2 /* libzbar.a */,
				B1348FAE156E1E880099B9D2 /* zbar */,
				B1348FB8156E1E880099B9D2 /* zbar.h */,
				B1348FB9156E1E880099B9D2 /* ZBarCameraSimulator.h */,
				B1348FBA156E1E880099B9D2 /* ZBarCaptureReader.h */,
				B1348FBB156E1E880099B9D2 /* ZBarHelpController.h */,
				B1348FBC156E1E880099B9D2 /* ZBarImage.h */,
				B1348FBD156E1E880099B9D2 /* ZBarImageScanner.h */,
				B1348FBE156E1E880099B9D2 /* ZBarReaderController.h */,
				B1348FBF156E1E880099B9D2 /* ZBarReaderView.h */,
				B1348FC0156E1E880099B9D2 /* ZBarReaderViewController.h */,
				B1348FC1156E1E880099B9D2 /* ZBarSDK.h */,
				B1348FC2156E1E880099B9D2 /* ZBarSymbol.h */,
			);
			name = ZBarSDK;
			path = VoiceMessageView/ZBarSDK/Headers/ZBarSDK;
			sourceTree = "<group>";
		};
		B1348FAE156E1E880099B9D2 /* zbar */ = {
			isa = PBXGroup;
			children = (
				B1348FAF156E1E880099B9D2 /* Decoder.h */,
				B1348FB0156E1E880099B9D2 /* Exception.h */,
				B1348FB1156E1E880099B9D2 /* Image.h */,
				B1348FB2156E1E880099B9D2 /* ImageScanner.h */,
				B1348FB3156E1E880099B9D2 /* Processor.h */,
				B1348FB4156E1E880099B9D2 /* Scanner.h */,
				B1348FB5156E1E880099B9D2 /* Symbol.h */,
				B1348FB6156E1E880099B9D2 /* Video.h */,
				B1348FB7156E1E880099B9D2 /* Window.h */,
			);
			path = zbar;
			sourceTree = "<group>";
		};
		B1348FDC156E29900099B9D2 /* PlayVoiceView */ = {
			isa = PBXGroup;
			children = (
				B1348FDD156E29C30099B9D2 /* PlayVoiceView.h */,
				B1348FDE156E29C30099B9D2 /* PlayVoiceView.m */,
				B1348FDF156E29C30099B9D2 /* PlayVoiceView.xib */,
			);
			name = PlayVoiceView;
			sourceTree = "<group>";
		};
		B136171C156F713900746F90 /* ShareAndBuyView */ = {
			isa = PBXGroup;
			children = (
				B13E99701571BE7100D03344 /* PaymentView */,
				B1361723156F74FD00746F90 /* Pic_ShareAndBuyView */,
				B136171E156F716200746F90 /* ShareAndBuyView.h */,
				B136171F156F716200746F90 /* ShareAndBuyView.m */,
				B1361720156F716200746F90 /* ShareAndBuyView.xib */,
			);
			name = ShareAndBuyView;
			path = ..;
			sourceTree = "<group>";
		};
		B1361723156F74FD00746F90 /* Pic_ShareAndBuyView */ = {
			isa = PBXGroup;
			children = (
				B1361724156F752300746F90 /* shareAndBuyView1.png */,
				B1361725156F752300746F90 /* shareAndBuyView2.png */,
				B1361726156F752300746F90 /* shareAndBuyView3.png */,
				B1361727156F752300746F90 /* shareAndBuyView4.png */,
			);
			name = Pic_ShareAndBuyView;
			sourceTree = "<group>";
		};
		B13E99701571BE7100D03344 /* PaymentView */ = {
			isa = PBXGroup;
			children = (
				B13E99771571C0CB00D03344 /* Pic_PaymentView */,
				B13E99721571BEA400D03344 /* PaymentView.h */,
				B13E99731571BEA400D03344 /* PaymentView.m */,
				B13E99741571BEA400D03344 /* PaymentView.xib */,
			);
			name = PaymentView;
			sourceTree = "<group>";
		};
		B13E99771571C0CB00D03344 /* Pic_PaymentView */ = {
			isa = PBXGroup;
			children = (
				B13E997E1571CC5100D03344 /* paymentView4.png */,
				B13E997A1571C94900D03344 /* paymentView2.png */,
				B13E997B1571C94900D03344 /* paymentView3.png */,
				B13E99781571C11800D03344 /* paymentView1.png */,
			);
			name = Pic_PaymentView;
			sourceTree = "<group>";
		};
		B13E998A157206DB00D03344 /* MacAddressIdentifier */ = {
			isa = PBXGroup;
			children = (
				B13E998B157206DB00D03344 /* NSString+MD5Addition.h */,
				B13E998C157206DB00D03344 /* NSString+MD5Addition.m */,
				B13E998D157206DB00D03344 /* UIDevice+IdentifierAddition.h */,
				B13E998E157206DB00D03344 /* UIDevice+IdentifierAddition.m */,
			);
			path = MacAddressIdentifier;
			sourceTree = "<group>";
		};
		B15E86E31564E5CB00108271 /* TemplateDetails-Singleton */ = {
			isa = PBXGroup;
			children = (
				B15E86E81564F06F00108271 /* TemplateDetails-Singleton.h */,
				B15E86E91564F06F00108271 /* TemplateDetails-Singleton.m */,
			);
			name = "TemplateDetails-Singleton";
			sourceTree = "<group>";
		};
		B15EDD8B155A577A00B0C873 = {
			isa = PBXGroup;
			children = (
				B102FF22155BB12A008DC42D /* Http+Json */,
				B15EDDA0155A577A00B0C873 /* ILovepostcard */,
				B102FF12155B9F4D008DC42D /* Resources */,
				B15EDD99155A577A00B0C873 /* Frameworks */,
				B15EDD97155A577A00B0C873 /* Products */,
			);
			sourceTree = "<group>";
		};
		B15EDD97155A577A00B0C873 /* Products */ = {
			isa = PBXGroup;
			children = (
				B15EDD96155A577A00B0C873 /* ILovepostcard.app */,
			);
			name = Products;
			sourceTree = "<group>";
		};
		B15EDD99155A577A00B0C873 /* Frameworks */ = {
			isa = PBXGroup;
			children = (
				B1348FDA156E1FF90099B9D2 /* QuartzCore.framework */,
				B1348FD6156E1F4D0099B9D2 /* CoreMedia.framework */,
				B1348FD3156E1F120099B9D2 /* libiconv.dylib */,
				B1348FD1156E1EF10099B9D2 /* AVFoundation.framework */,
				B1348FCF156E1ED90099B9D2 /* CoreVideo.framework */,
				B1FF8134156C88A000DA895E /* MapKit.framework */,
				B102FF72155BB33A008DC42D /* libxml2.dylib */,
				B102FF70155BB327008DC42D /* libz.dylib */,
				B102FF6E155BB314008DC42D /* MobileCoreServices.framework */,
				B102FF6C155BB30C008DC42D /* SystemConfiguration.framework */,
				B102FF6A155BB303008DC42D /* CFNetwork.framework */,
				B15EDD9A155A577A00B0C873 /* UIKit.framework */,
				B15EDD9C155A577A00B0C873 /* Foundation.framework */,
				B15EDD9E155A577A00B0C873 /* CoreGraphics.framework */,
			);
			name = Frameworks;
			sourceTree = "<group>";
		};
		B15EDDA0155A577A00B0C873 /* ILovepostcard */ = {
			isa = PBXGroup;
			children = (
				B102FF23155BB143008DC42D /* Main */,
				B102FF13155B9FCD008DC42D /* GoToPostcardList */,
				B18EAE70155E117400B909C6 /* DisplayEachTemplateDetals--Front */,
				B18EAE71155E3C0E00B909C6 /* DisplayEachTemplateDetals--Back */,
				B136171C156F713900746F90 /* ShareAndBuyView */,
				B12E850D156CBD2000B0737B /* ActivityListView */,
				B1330B54156E0A0E0013CC62 /* VoiceMessageView */,
				B15EDDA1155A577A00B0C873 /* Supporting Files */,
			);
			path = ILovepostcard;
			sourceTree = "<group>";
		};
		B15EDDA1155A577A00B0C873 /* Supporting Files */ = {
			isa = PBXGroup;
			children = (
				B19D65E21560A1430028A9F4 /* en.lproj */,
				B19D65E91560A1430028A9F4 /* ILovepostcard-Info.plist */,
				B19D65EA1560A1430028A9F4 /* ILovepostcard-Prefix.pch */,
				B19D65EB1560A1430028A9F4 /* main.m */,
			);
			name = "Supporting Files";
			sourceTree = "<group>";
		};
		B1846B911568D4BA00635271 /* ScaleAndRotateView */ = {
			isa = PBXGroup;
			children = (
				B1846B921568D4BA00635271 /* ScaleAndRotateView.h */,
				B1846B931568D4BA00635271 /* ScaleAndRotateView.m */,
			);
			name = ScaleAndRotateView;
			path = ILovepostcard/ScaleAndRotateView;
			sourceTree = "<group>";
		};
		B18EAE70155E117400B909C6 /* DisplayEachTemplateDetals--Front */ = {
			isa = PBXGroup;
			children = (
				B1D1D3C6156A3E890015A054 /* Pic_PostcardFront */,
				B111B82C156631010041127F /* TouchView */,
				B1846B911568D4BA00635271 /* ScaleAndRotateView */,
				B1FF812F156C83F900DA895E /* MapController */,
				B15E86E31564E5CB00108271 /* TemplateDetails-Singleton */,
				B19D65BA1560A0840028A9F4 /* DisplayEachTemplateDetals.h */,
				B19D65BB1560A0840028A9F4 /* DisplayEachTemplateDetals.m */,
				B19D65BC1560A0840028A9F4 /* DisplayEachTemplateDetals.xib */,
			);
			name = "DisplayEachTemplateDetals--Front";
			path = ..;
			sourceTree = "<group>";
		};
		B18EAE71155E3C0E00B909C6 /* DisplayEachTemplateDetals--Back */ = {
			isa = PBXGroup;
			children = (
				B1D1D3CB156A51DF0015A054 /* Pic_PostcardBack */,
				B19D65BF1560A0910028A9F4 /* DisplayEachTemplateDetals-Back.h */,
				B19D65C01560A0910028A9F4 /* DisplayEachTemplateDetals-Back.m */,
				B19D65C11560A0910028A9F4 /* DisplayEachTemplateDetals-Back.xib */,
			);
			name = "DisplayEachTemplateDetals--Back";
			path = ..;
			sourceTree = "<group>";
		};
		B19D65E21560A1430028A9F4 /* en.lproj */ = {
			isa = PBXGroup;
			children = (
				B19D65E31560A1430028A9F4 /* FirstViewController.xib */,
				B19D65E51560A1430028A9F4 /* InfoPlist.strings */,
				B19D65E71560A1430028A9F4 /* SecondViewController.xib */,
			);
			path = en.lproj;
			sourceTree = "<group>";
		};
		B19D65F41560A1940028A9F4 /* ASIHttpRequest */ = {
			isa = PBXGroup;
			children = (
				B19D65F51560A1940028A9F4 /* ASIAuthenticationDialog.h */,
				B19D65F61560A1940028A9F4 /* ASIAuthenticationDialog.m */,
				B19D65F71560A1940028A9F4 /* ASICacheDelegate.h */,
				B19D65F81560A1940028A9F4 /* ASIDataCompressor.h */,
				B19D65F91560A1940028A9F4 /* ASIDataCompressor.m */,
				B19D65FA1560A1940028A9F4 /* ASIDataDecompressor.h */,
				B19D65FB1560A1940028A9F4 /* ASIDataDecompressor.m */,
				B19D65FC1560A1940028A9F4 /* ASIDownloadCache.h */,
				B19D65FD1560A1940028A9F4 /* ASIDownloadCache.m */,
				B19D65FE1560A1940028A9F4 /* ASIFormDataRequest.h */,
				B19D65FF1560A1940028A9F4 /* ASIFormDataRequest.m */,
				B19D66001560A1940028A9F4 /* ASIHTTPRequest.h */,
				B19D66011560A1940028A9F4 /* ASIHTTPRequest.m */,
				B19D66021560A1940028A9F4 /* ASIHTTPRequestConfig.h */,
				B19D66031560A1940028A9F4 /* ASIHTTPRequestDelegate.h */,
				B19D66041560A1940028A9F4 /* ASIInputStream.h */,
				B19D66051560A1940028A9F4 /* ASIInputStream.m */,
				B19D66061560A1940028A9F4 /* ASINetworkQueue.h */,
				B19D66071560A1940028A9F4 /* ASINetworkQueue.m */,
				B19D66081560A1940028A9F4 /* ASIProgressDelegate.h */,
				B19D66091560A1940028A9F4 /* Reachability.h */,
				B19D660A1560A1940028A9F4 /* Reachability.m */,
			);
			name = ASIHttpRequest;
			path = "ILovepostcard/Http+Json/ASIHttpRequest";
			sourceTree = "<group>";
		};
		B19D660B1560A1940028A9F4 /* SBJson */ = {
			isa = PBXGroup;
			children = (
				B19D660C1560A1940028A9F4 /* NSObject+SBJson.h */,
				B19D660D1560A1940028A9F4 /* NSObject+SBJson.m */,
				B19D660E1560A1940028A9F4 /* SBJson.h */,
				B19D660F1560A1940028A9F4 /* SBJsonParser.h */,
				B19D66101560A1940028A9F4 /* SBJsonParser.m */,
				B19D66111560A1940028A9F4 /* SBJsonStreamParser.h */,
				B19D66121560A1940028A9F4 /* SBJsonStreamParser.m */,
				B19D66131560A1940028A9F4 /* SBJsonStreamParserAccumulator.h */,
				B19D66141560A1940028A9F4 /* SBJsonStreamParserAccumulator.m */,
				B19D66151560A1940028A9F4 /* SBJsonStreamParserAdapter.h */,
				B19D66161560A1940028A9F4 /* SBJsonStreamParserAdapter.m */,
				B19D66171560A1940028A9F4 /* SBJsonStreamParserState.h */,
				B19D66181560A1940028A9F4 /* SBJsonStreamParserState.m */,
				B19D66191560A1940028A9F4 /* SBJsonStreamWriter.h */,
				B19D661A1560A1940028A9F4 /* SBJsonStreamWriter.m */,
				B19D661B1560A1940028A9F4 /* SBJsonStreamWriterAccumulator.h */,
				B19D661C1560A1940028A9F4 /* SBJsonStreamWriterAccumulator.m */,
				B19D661D1560A1940028A9F4 /* SBJsonStreamWriterState.h */,
				B19D661E1560A1940028A9F4 /* SBJsonStreamWriterState.m */,
				B19D661F1560A1940028A9F4 /* SBJsonTokeniser.h */,
				B19D66201560A1940028A9F4 /* SBJsonTokeniser.m */,
				B19D66211560A1940028A9F4 /* SBJsonUTF8Stream.h */,
				B19D66221560A1940028A9F4 /* SBJsonUTF8Stream.m */,
				B19D66231560A1940028A9F4 /* SBJsonWriter.h */,
				B19D66241560A1940028A9F4 /* SBJsonWriter.m */,
			);
			name = SBJson;
			path = "ILovepostcard/Http+Json/SBJson";
			sourceTree = "<group>";
		};
		B19D66561560ED110028A9F4 /* Indicator */ = {
			isa = PBXGroup;
			children = (
				B19D66571560ED110028A9F4 /* LoadingIndicator.h */,
				B19D66581560ED110028A9F4 /* LoadingIndicator.m */,
				B19D66591560ED110028A9F4 /* PromptView.h */,
				B19D665A1560ED110028A9F4 /* PromptView.m */,
			);
			name = Indicator;
			path = ILovepostcard/Indicator;
			sourceTree = "<group>";
		};
		B1D1D3B21569E8410015A054 /* Pic_ViewController */ = {
			isa = PBXGroup;
			children = (
				B13E999515721EBE00D03344 /* bannerbk.png */,
				B13E999615721EBE00D03344 /* bannerlight.png */,
				B13E999715721EBE00D03344 /* bk.png */,
				B13E999815721EBE00D03344 /* listen.png */,
				B13E999915721EBE00D03344 /* listenpress.png */,
				B13E999A15721EBE00D03344 /* make.png */,
				B13E999B15721EBE00D03344 /* makepress.png */,
				B13E999C15721EBE00D03344 /* more.png */,
				B13E999D15721EBE00D03344 /* morepress.png */,
				B13E999E15721EBE00D03344 /* planeshow.png */,
				B13E999F15721EBE00D03344 /* postoffice.png */,
				B13E99A015721EBE00D03344 /* postofficepress.png */,
				B13E99A115721EBE00D03344 /* sendbk.png */,
				B13E99A215721EBE00D03344 /* sendlight.png */,
			);
			name = Pic_ViewController;
			path = Resources/pic/Pic_ViewController;
			sourceTree = SOURCE_ROOT;
		};
		B1D1D3C1156A15950015A054 /* Pic_GoToPostcardList */ = {
			isa = PBXGroup;
			children = (
				B13B3B5115737092009EEB5A /* hotbk.png */,
				B13B3B5215737092009EEB5A /* inbk.PNG */,
				B13B3B5315737092009EEB5A /* searchbar.png */,
				B13B3B5415737092009EEB5A /* tag.png */,
				B13B3B5515737092009EEB5A /* tagclick.png */,
				B13B3B5615737092009EEB5A /* titlebk.png */,
				B13B3B5715737092009EEB5A /* titlebtnback.png */,
				B13B3B5815737092009EEB5A /* titlebtnbackclick.png */,
			);
			name = Pic_GoToPostcardList;
			path = Resources/pic/Pic_GoToPostcardList;
			sourceTree = "<group>";
		};
		B1D1D3C6156A3E890015A054 /* Pic_PostcardFront */ = {
			isa = PBXGroup;
			children = (
				B1D1D3C7156A3EB10015A054 /* postFront1.png */,
				B1D1D3C8156A3EB10015A054 /* postFront2.png */,
			);
			name = Pic_PostcardFront;
			sourceTree = "<group>";
		};
		B1D1D3CB156A51DF0015A054 /* Pic_PostcardBack */ = {
			isa = PBXGroup;
			children = (
				B13E99801571D7D900D03344 /* postBack7.png */,
				B1D1D3CC156A52060015A054 /* postBack1.png */,
				B1D1D3CD156A52060015A054 /* postBack3.png */,
				B1D1D3CE156A52060015A054 /* postBack4.png */,
				B1D1D3CF156A52060015A054 /* postBack5.png */,
				B1D1D3D0156A52060015A054 /* postBack6.png */,
			);
			name = Pic_PostcardBack;
			sourceTree = "<group>";
		};
		B1FF812F156C83F900DA895E /* MapController */ = {
			isa = PBXGroup;
			children = (
				B1FF8131156C845600DA895E /* MapController.h */,
				B1FF8132156C845600DA895E /* MapController.m */,
			);
			name = MapController;
			sourceTree = "<group>";
		};
/* End PBXGroup section */

/* Begin PBXNativeTarget section */
		B15EDD95155A577A00B0C873 /* ILovepostcard */ = {
			isa = PBXNativeTarget;
			buildConfigurationList = B15EDDC2155A577A00B0C873 /* Build configuration list for PBXNativeTarget "ILovepostcard" */;
			buildPhases = (
				B15EDD92155A577A00B0C873 /* Sources */,
				B15EDD93155A577A00B0C873 /* Frameworks */,
				B15EDD94155A577A00B0C873 /* Resources */,
			);
			buildRules = (
			);
			dependencies = (
			);
			name = ILovepostcard;
			productName = ILovepostcard;
			productReference = B15EDD96155A577A00B0C873 /* ILovepostcard.app */;
			productType = "com.apple.product-type.application";
		};
/* End PBXNativeTarget section */

/* Begin PBXProject section */
		B15EDD8D155A577A00B0C873 /* Project object */ = {
			isa = PBXProject;
			attributes = {
				LastUpgradeCheck = 0430;
				ORGANIZATIONNAME = "开趣";
			};
			buildConfigurationList = B15EDD90155A577A00B0C873 /* Build configuration list for PBXProject "ILovepostcard" */;
			compatibilityVersion = "Xcode 3.2";
			developmentRegion = English;
			hasScannedForEncodings = 0;
			knownRegions = (
				en,
			);
			mainGroup = B15EDD8B155A577A00B0C873;
			productRefGroup = B15EDD97155A577A00B0C873 /* Products */;
			projectDirPath = "";
			projectRoot = "";
			targets = (
				B15EDD95155A577A00B0C873 /* ILovepostcard */,
			);
		};
/* End PBXProject section */

/* Begin PBXResourcesBuildPhase section */
		B15EDD94155A577A00B0C873 /* Resources */ = {
			isa = PBXResourcesBuildPhase;
			buildActionMask = 2147483647;
			files = (
				B19D65BE1560A0840028A9F4 /* DisplayEachTemplateDetals.xib in Resources */,
				B19D65C31560A0910028A9F4 /* DisplayEachTemplateDetals-Back.xib in Resources */,
				B19D65DD1560A0C70028A9F4 /* addMoreTemplateButton.png in Resources */,
				B19D65DE1560A0C70028A9F4 /* change_it.png in Resources */,
				B19D65DF1560A0C70028A9F4 /* NavBar_01_s.png in Resources */,
				B19D65E01560A0C70028A9F4 /* NavBar_01.png in Resources */,
				B19D65E11560A0C70028A9F4 /* tools_bar_bg.png in Resources */,
				B19D65EC1560A1430028A9F4 /* FirstViewController.xib in Resources */,
				B19D65ED1560A1430028A9F4 /* InfoPlist.strings in Resources */,
				B19D65EE1560A1430028A9F4 /* SecondViewController.xib in Resources */,
				B19D66511560A6D10028A9F4 /* GoToPostcardList.xib in Resources */,
				B10DA9671563A3D000058685 /* noMoreTemplateButton.png in Resources */,
				B141042D1565EB49004DF34C /* changcamera.png in Resources */,
				B141042E1565EB49004DF34C /* flashauto.png in Resources */,
				B141042F1565EB49004DF34C /* flashoff.png in Resources */,
				B14104301565EB49004DF34C /* flashon.png in Resources */,
				B1D1D35F1569D9BC0015A054 /* default.PNG in Resources */,
				B1D1D3B11569E6B80015A054 /* ViewController.xib in Resources */,
				B1D1D3C9156A3EB10015A054 /* postFront1.png in Resources */,
				B1D1D3CA156A3EB10015A054 /* postFront2.png in Resources */,
				B1D1D3D1156A52060015A054 /* postBack1.png in Resources */,
				B1D1D3D2156A52060015A054 /* postBack3.png in Resources */,
				B1D1D3D3156A52060015A054 /* postBack4.png in Resources */,
				B1D1D3D4156A52060015A054 /* postBack5.png in Resources */,
				B1D1D3D5156A52060015A054 /* postBack6.png in Resources */,
				B12E8515156CBEB400B0737B /* ActivityListView.xib in Resources */,
				B12E8518156CC28100B0737B /* activityList_1.png in Resources */,
				B1330B59156E0AD80013CC62 /* VoiceMessageView.xib in Resources */,
				B1348FE1156E29C30099B9D2 /* PlayVoiceView.xib in Resources */,
				B1361722156F716200746F90 /* ShareAndBuyView.xib in Resources */,
				B1361728156F752300746F90 /* shareAndBuyView1.png in Resources */,
				B1361729156F752300746F90 /* shareAndBuyView2.png in Resources */,
				B136172A156F752300746F90 /* shareAndBuyView3.png in Resources */,
				B136172B156F752300746F90 /* shareAndBuyView4.png in Resources */,
				B13E99761571BEA400D03344 /* PaymentView.xib in Resources */,
				B13E99791571C11800D03344 /* paymentView1.png in Resources */,
				B13E997C1571C94900D03344 /* paymentView2.png in Resources */,
				B13E997D1571C94900D03344 /* paymentView3.png in Resources */,
				B13E997F1571CC5100D03344 /* paymentView4.png in Resources */,
				B13E99811571D7D900D03344 /* postBack7.png in Resources */,
				B13E99A315721EBF00D03344 /* bannerbk.png in Resources */,
				B13E99A415721EBF00D03344 /* bannerlight.png in Resources */,
				B13E99A515721EBF00D03344 /* bk.png in Resources */,
				B13E99A615721EBF00D03344 /* listen.png in Resources */,
				B13E99A715721EBF00D03344 /* listenpress.png in Resources */,
				B13E99A815721EBF00D03344 /* make.png in Resources */,
				B13E99A915721EBF00D03344 /* makepress.png in Resources */,
				B13E99AA15721EBF00D03344 /* more.png in Resources */,
				B13E99AB15721EBF00D03344 /* morepress.png in Resources */,
				B13E99AC15721EBF00D03344 /* planeshow.png in Resources */,
				B13E99AD15721EBF00D03344 /* postoffice.png in Resources */,
				B13E99AE15721EBF00D03344 /* postofficepress.png in Resources */,
				B13E99AF15721EBF00D03344 /* sendbk.png in Resources */,
				B13E99B015721EBF00D03344 /* sendlight.png in Resources */,
				B13B3B5915737092009EEB5A /* hotbk.png in Resources */,
				B13B3B5A15737092009EEB5A /* inbk.PNG in Resources */,
				B13B3B5B15737092009EEB5A /* searchbar.png in Resources */,
				B13B3B5C15737092009EEB5A /* tag.png in Resources */,
				B13B3B5D15737092009EEB5A /* tagclick.png in Resources */,
				B13B3B5E15737092009EEB5A /* titlebk.png in Resources */,
				B13B3B5F15737092009EEB5A /* titlebtnback.png in Resources */,
				B13B3B6015737092009EEB5A /* titlebtnbackclick.png in Resources */,
			);
			runOnlyForDeploymentPostprocessing = 0;
		};
/* End PBXResourcesBuildPhase section */

/* Begin PBXSourcesBuildPhase section */
		B15EDD92155A577A00B0C873 /* Sources */ = {
			isa = PBXSourcesBuildPhase;
			buildActionMask = 2147483647;
			files = (
				B19D65BD1560A0840028A9F4 /* DisplayEachTemplateDetals.m in Sources */,
				B19D65C21560A0910028A9F4 /* DisplayEachTemplateDetals-Back.m in Sources */,
				B19D65F01560A1430028A9F4 /* main.m in Sources */,
				B19D65F31560A16B0028A9F4 /* AppDelegate.m in Sources */,
				B19D66251560A1940028A9F4 /* ASIAuthenticationDialog.m in Sources */,
				B19D66261560A1940028A9F4 /* ASIDataCompressor.m in Sources */,
				B19D66271560A1940028A9F4 /* ASIDataDecompressor.m in Sources */,
				B19D66281560A1940028A9F4 /* ASIDownloadCache.m in Sources */,
				B19D66291560A1940028A9F4 /* ASIFormDataRequest.m in Sources */,
				B19D662A1560A1940028A9F4 /* ASIHTTPRequest.m in Sources */,
				B19D662B1560A1940028A9F4 /* ASIInputStream.m in Sources */,
				B19D662C1560A1940028A9F4 /* ASINetworkQueue.m in Sources */,
				B19D662D1560A1940028A9F4 /* Reachability.m in Sources */,
				B19D662E1560A1940028A9F4 /* NSObject+SBJson.m in Sources */,
				B19D662F1560A1940028A9F4 /* SBJsonParser.m in Sources */,
				B19D66301560A1940028A9F4 /* SBJsonStreamParser.m in Sources */,
				B19D66311560A1940028A9F4 /* SBJsonStreamParserAccumulator.m in Sources */,
				B19D66321560A1940028A9F4 /* SBJsonStreamParserAdapter.m in Sources */,
				B19D66331560A1940028A9F4 /* SBJsonStreamParserState.m in Sources */,
				B19D66341560A1940028A9F4 /* SBJsonStreamWriter.m in Sources */,
				B19D66351560A1940028A9F4 /* SBJsonStreamWriterAccumulator.m in Sources */,
				B19D66361560A1940028A9F4 /* SBJsonStreamWriterState.m in Sources */,
				B19D66371560A1940028A9F4 /* SBJsonTokeniser.m in Sources */,
				B19D66381560A1940028A9F4 /* SBJsonUTF8Stream.m in Sources */,
				B19D66391560A1940028A9F4 /* SBJsonWriter.m in Sources */,
				B19D66501560A6D10028A9F4 /* GoToPostcardList.m in Sources */,
				B19D665B1560ED110028A9F4 /* LoadingIndicator.m in Sources */,
				B19D665C1560ED110028A9F4 /* PromptView.m in Sources */,
				B1106F5A156119080035CFAA /* ILPostcardList.m in Sources */,
				B15E86EA1564F06F00108271 /* TemplateDetails-Singleton.m in Sources */,
				B111B82F156631010041127F /* TouchView.m in Sources */,
				B1846B941568D4BA00635271 /* ScaleAndRotateView.m in Sources */,
				B1D1D3B01569E6B80015A054 /* ViewController.m in Sources */,
				B1FF8133156C845600DA895E /* MapController.m in Sources */,
				B12E8514156CBEB400B0737B /* ActivityListView.m in Sources */,
				B12E851C156CC46B00B0737B /* ILActivityList.m in Sources */,
				B1330B58156E0AD80013CC62 /* VoiceMessageView.m in Sources */,
				B1348FE0156E29C30099B9D2 /* PlayVoiceView.m in Sources */,
				B1361721156F716200746F90 /* ShareAndBuyView.m in Sources */,
				B13E99751571BEA400D03344 /* PaymentView.m in Sources */,
				B13E998F157206DB00D03344 /* NSString+MD5Addition.m in Sources */,
				B13E9990157206DB00D03344 /* UIDevice+IdentifierAddition.m in Sources */,
			);
			runOnlyForDeploymentPostprocessing = 0;
		};
/* End PBXSourcesBuildPhase section */

/* Begin PBXVariantGroup section */
		B19D65E31560A1430028A9F4 /* FirstViewController.xib */ = {
			isa = PBXVariantGroup;
			children = (
				B19D65E41560A1430028A9F4 /* en */,
			);
			name = FirstViewController.xib;
			sourceTree = "<group>";
		};
		B19D65E51560A1430028A9F4 /* InfoPlist.strings */ = {
			isa = PBXVariantGroup;
			children = (
				B19D65E61560A1430028A9F4 /* en */,
			);
			name = InfoPlist.strings;
			sourceTree = "<group>";
		};
		B19D65E71560A1430028A9F4 /* SecondViewController.xib */ = {
			isa = PBXVariantGroup;
			children = (
				B19D65E81560A1430028A9F4 /* en */,
			);
			name = SecondViewController.xib;
			sourceTree = "<group>";
		};
/* End PBXVariantGroup section */

/* Begin XCBuildConfiguration section */
		B15EDDC0155A577A00B0C873 /* Debug */ = {
			isa = XCBuildConfiguration;
			buildSettings = {
				ALWAYS_SEARCH_USER_PATHS = NO;
				ARCHS = "$(ARCHS_STANDARD_32_BIT)";
				"CODE_SIGN_IDENTITY[sdk=iphoneos*]" = "iPhone Developer";
				COPY_PHASE_STRIP = NO;
				GCC_C_LANGUAGE_STANDARD = gnu99;
				GCC_DYNAMIC_NO_PIC = NO;
				GCC_OPTIMIZATION_LEVEL = 0;
				GCC_PREPROCESSOR_DEFINITIONS = (
					"DEBUG=1",
					"$(inherited)",
				);
				GCC_SYMBOLS_PRIVATE_EXTERN = NO;
				GCC_VERSION = com.apple.compilers.llvm.clang.1_0;
				GCC_WARN_ABOUT_MISSING_PROTOTYPES = YES;
				GCC_WARN_ABOUT_RETURN_TYPE = YES;
				GCC_WARN_UNUSED_VARIABLE = YES;
				IPHONEOS_DEPLOYMENT_TARGET = 4.0;
				SDKROOT = iphoneos;
			};
			name = Debug;
		};
		B15EDDC1155A577A00B0C873 /* Release */ = {
			isa = XCBuildConfiguration;
			buildSettings = {
				ALWAYS_SEARCH_USER_PATHS = NO;
				ARCHS = "$(ARCHS_STANDARD_32_BIT)";
				"CODE_SIGN_IDENTITY[sdk=iphoneos*]" = "iPhone Developer";
				COPY_PHASE_STRIP = YES;
				GCC_C_LANGUAGE_STANDARD = gnu99;
				GCC_VERSION = com.apple.compilers.llvm.clang.1_0;
				GCC_WARN_ABOUT_MISSING_PROTOTYPES = YES;
				GCC_WARN_ABOUT_RETURN_TYPE = YES;
				GCC_WARN_UNUSED_VARIABLE = YES;
				IPHONEOS_DEPLOYMENT_TARGET = 4.0;
				OTHER_CFLAGS = "-DNS_BLOCK_ASSERTIONS=1";
				SDKROOT = iphoneos;
				VALIDATE_PRODUCT = YES;
			};
			name = Release;
		};
		B15EDDC3155A577A00B0C873 /* Debug */ = {
			isa = XCBuildConfiguration;
			buildSettings = {
				ALWAYS_SEARCH_USER_PATHS = YES;
				ARCHS = "$(ARCHS_STANDARD_32_BIT)";
				CODE_SIGN_IDENTITY = "";
				"CODE_SIGN_IDENTITY[sdk=iphoneos*]" = "iPhone Developer";
				DEBUG_INFORMATION_FORMAT = "dwarf-with-dsym";
				GCC_PRECOMPILE_PREFIX_HEADER = YES;
				GCC_PREFIX_HEADER = "ILovepostcard/ILovepostcard-Prefix.pch";
				GCC_THUMB_SUPPORT = NO;
				GCC_VERSION = "";
				HEADER_SEARCH_PATHS = /usr/include/libxml;
				INFOPLIST_FILE = "ILovepostcard/ILovepostcard-Info.plist";
				IPHONEOS_DEPLOYMENT_TARGET = 4.0;
				LIBRARY_SEARCH_PATHS = (
					"$(inherited)",
					"\"$(SRCROOT)/ILovepostcard/VoiceMessageView/ZBarSDK\"",
					"\"$(SRCROOT)/ILovepostcard/VoiceMessageView/ZBarSDK/Headers/ZBarSDK\"",
				);
				OTHER_LDFLAGS = (
					"-lstdc++",
					"-lz",
					"-all_load",
					"-Objc",
				);
				PRODUCT_NAME = "$(TARGET_NAME)";
				"PROVISIONING_PROFILE[sdk=iphoneos*]" = "";
				SDKROOT = iphoneos;
				TARGETED_DEVICE_FAMILY = 1;
				WRAPPER_EXTENSION = app;
			};
			name = Debug;
		};
		B15EDDC4155A577A00B0C873 /* Release */ = {
			isa = XCBuildConfiguration;
			buildSettings = {
				ALWAYS_SEARCH_USER_PATHS = YES;
				ARCHS = "$(ARCHS_STANDARD_32_BIT)";
				CODE_SIGN_IDENTITY = "";
				"CODE_SIGN_IDENTITY[sdk=iphoneos*]" = "iPhone Developer";
				DEBUG_INFORMATION_FORMAT = "dwarf-with-dsym";
				GCC_PRECOMPILE_PREFIX_HEADER = YES;
				GCC_PREFIX_HEADER = "ILovepostcard/ILovepostcard-Prefix.pch";
				GCC_THUMB_SUPPORT = NO;
				GCC_VERSION = "";
				HEADER_SEARCH_PATHS = /usr/include/libxml;
				INFOPLIST_FILE = "ILovepostcard/ILovepostcard-Info.plist";
				IPHONEOS_DEPLOYMENT_TARGET = 4.0;
				LIBRARY_SEARCH_PATHS = (
					"$(inherited)",
					"\"$(SRCROOT)/ILovepostcard/VoiceMessageView/ZBarSDK\"",
					"\"$(SRCROOT)/ILovepostcard/VoiceMessageView/ZBarSDK/Headers/ZBarSDK\"",
				);
				OTHER_LDFLAGS = (
					"-lstdc++",
					"-lz",
					"-all_load",
					"-Objc",
				);
				PRODUCT_NAME = "$(TARGET_NAME)";
				"PROVISIONING_PROFILE[sdk=iphoneos*]" = "";
				SDKROOT = iphoneos;
				TARGETED_DEVICE_FAMILY = 1;
				WRAPPER_EXTENSION = app;
			};
			name = Release;
		};
/* End XCBuildConfiguration section */

/* Begin XCConfigurationList section */
		B15EDD90155A577A00B0C873 /* Build configuration list for PBXProject "ILovepostcard" */ = {
			isa = XCConfigurationList;
			buildConfigurations = (
				B15EDDC0155A577A00B0C873 /* Debug */,
				B15EDDC1155A577A00B0C873 /* Release */,
			);
			defaultConfigurationIsVisible = 0;
			defaultConfigurationName = Release;
		};
		B15EDDC2155A577A00B0C873 /* Build configuration list for PBXNativeTarget "ILovepostcard" */ = {
			isa = XCConfigurationList;
			buildConfigurations = (
				B15EDDC3155A577A00B0C873 /* Debug */,
				B15EDDC4155A577A00B0C873 /* Release */,
			);
			defaultConfigurationIsVisible = 0;
			defaultConfigurationName = Release;
		};
/* End XCConfigurationList section */
	};
	rootObject = B15EDD8D155A577A00B0C873 /* Project object */;
}
